// !$*UTF8*$!
{
	archiveVersion = 1;
	classes = {
	};
	objectVersion = 55;
	objects = {

/* Begin PBXBuildFile section */
		5B0DC40E291D52E700CFD82A /* TextExtension.swift in Sources */ = {isa = PBXBuildFile; fileRef = 5B0DC40D291D52E700CFD82A /* TextExtension.swift */; };
		5B0DC413291D5FBD00CFD82A /* CreateOrEditCategoryView.swift in Sources */ = {isa = PBXBuildFile; fileRef = 5B0DC412291D5FBD00CFD82A /* CreateOrEditCategoryView.swift */; };
		5B0DC415291D5FC900CFD82A /* CreateOrEditCategoryViewModel.swift in Sources */ = {isa = PBXBuildFile; fileRef = 5B0DC414291D5FC900CFD82A /* CreateOrEditCategoryViewModel.swift */; };
		5B0DC417291E5EC800CFD82A /* BusinessUserRoles.swift in Sources */ = {isa = PBXBuildFile; fileRef = 5B0DC416291E5EC800CFD82A /* BusinessUserRoles.swift */; };
		5B0F666728DCE44C0057BA32 /* DatabaseSubscriptionService.swift in Sources */ = {isa = PBXBuildFile; fileRef = 5B0F666628DCE44C0057BA32 /* DatabaseSubscriptionService.swift */; };
		5B132A9D291D2F5000C82A09 /* EmployeeEventFullView.swift in Sources */ = {isa = PBXBuildFile; fileRef = 5B132A9C291D2F5000C82A09 /* EmployeeEventFullView.swift */; };
		5B1BAD4028FF37C700EFF0E4 /* RootView.swift in Sources */ = {isa = PBXBuildFile; fileRef = 5B1BAD3F28FF37C700EFF0E4 /* RootView.swift */; };
		5B1BAD4328FF37E700EFF0E4 /* RootViewModel.swift in Sources */ = {isa = PBXBuildFile; fileRef = 5B1BAD4228FF37E700EFF0E4 /* RootViewModel.swift */; };
		5B1BAD482901C10100EFF0E4 /* UserSubscriptionService.swift in Sources */ = {isa = PBXBuildFile; fileRef = 5B1BAD472901C10100EFF0E4 /* UserSubscriptionService.swift */; };
		5B1BAD4A2901C1D900EFF0E4 /* BusinessSubscriptionService.swift in Sources */ = {isa = PBXBuildFile; fileRef = 5B1BAD492901C1D900EFF0E4 /* BusinessSubscriptionService.swift */; };
		5B1BAD4D2901C34500EFF0E4 /* User_BusinessDTO.swift in Sources */ = {isa = PBXBuildFile; fileRef = 5B1BAD4C2901C34500EFF0E4 /* User_BusinessDTO.swift */; };
		5B1BAD512901CEC800EFF0E4 /* BusinessDTO.swift in Sources */ = {isa = PBXBuildFile; fileRef = 5B1BAD502901CEC800EFF0E4 /* BusinessDTO.swift */; };
		5B1D56E1291EC6B700EB2EB8 /* CategoryCard.swift in Sources */ = {isa = PBXBuildFile; fileRef = 5B1D56E0291EC6B700EB2EB8 /* CategoryCard.swift */; };
		5B2B46A228E22B0900FC3BE9 /* NewUserFormsView.swift in Sources */ = {isa = PBXBuildFile; fileRef = 5B2B46A128E22B0900FC3BE9 /* NewUserFormsView.swift */; };
		5B2B46A428E22C4300FC3BE9 /* ProgressBarView.swift in Sources */ = {isa = PBXBuildFile; fileRef = 5B2B46A328E22C4300FC3BE9 /* ProgressBarView.swift */; };
		5B2B46A828E6233200FC3BE9 /* APISubscriptionService.swift in Sources */ = {isa = PBXBuildFile; fileRef = 5B2B46A728E6233200FC3BE9 /* APISubscriptionService.swift */; };
		5B2B46AA28EB72DC00FC3BE9 /* AuthenticationService.swift in Sources */ = {isa = PBXBuildFile; fileRef = 5B2B46A928EB72DC00FC3BE9 /* AuthenticationService.swift */; };
		5B2B46B028ECB42000FC3BE9 /* AuthenticationView.swift in Sources */ = {isa = PBXBuildFile; fileRef = 5B2B46AF28ECB42000FC3BE9 /* AuthenticationView.swift */; };
		5B2B46B228EDFFF100FC3BE9 /* CheckboxStyle.swift in Sources */ = {isa = PBXBuildFile; fileRef = 5B2B46B128EDFFF100FC3BE9 /* CheckboxStyle.swift */; };
		5B2B46B428EE05F000FC3BE9 /* SignupView.swift in Sources */ = {isa = PBXBuildFile; fileRef = 5B2B46B328EE05F000FC3BE9 /* SignupView.swift */; };
		5B2B46B628EE159200FC3BE9 /* LoginView.swift in Sources */ = {isa = PBXBuildFile; fileRef = 5B2B46B528EE159200FC3BE9 /* LoginView.swift */; };
		5B2B46B828EE168200FC3BE9 /* AuthenticationViewModel.swift in Sources */ = {isa = PBXBuildFile; fileRef = 5B2B46B728EE168200FC3BE9 /* AuthenticationViewModel.swift */; };
		5B2B46BA28EE18B000FC3BE9 /* CustomTextField.swift in Sources */ = {isa = PBXBuildFile; fileRef = 5B2B46B928EE18B000FC3BE9 /* CustomTextField.swift */; };
		5B2B46BC28EF547700FC3BE9 /* CustomSecureView.swift in Sources */ = {isa = PBXBuildFile; fileRef = 5B2B46BB28EF547700FC3BE9 /* CustomSecureView.swift */; };
		5B2D009C28F87CEF00131FFF /* WorkspaceView.swift in Sources */ = {isa = PBXBuildFile; fileRef = 5B2D009B28F87CEF00131FFF /* WorkspaceView.swift */; };
		5B2D009F28F9E71200131FFF /* Alamofire in Frameworks */ = {isa = PBXBuildFile; productRef = 5B2D009E28F9E71200131FFF /* Alamofire */; };
		5B2F9E3928F4C36F00AC1B87 /* ResetPasswordView.swift in Sources */ = {isa = PBXBuildFile; fileRef = 5B2F9E3828F4C36F00AC1B87 /* ResetPasswordView.swift */; };
		5B345DBC290C4D5300978141 /* BusinessUser.swift in Sources */ = {isa = PBXBuildFile; fileRef = 5B345DBB290C4D5300978141 /* BusinessUser.swift */; };
		5B37551329170BDA00D92D15 /* SettingsUserCell.swift in Sources */ = {isa = PBXBuildFile; fileRef = 5B37551229170BDA00D92D15 /* SettingsUserCell.swift */; };
		5B3755152917158D00D92D15 /* RoleSelectionPicker.swift in Sources */ = {isa = PBXBuildFile; fileRef = 5B3755142917158D00D92D15 /* RoleSelectionPicker.swift */; };
		5B482BBE291C3C4B00ACB9C0 /* BusinessUserSubscriptionService.swift in Sources */ = {isa = PBXBuildFile; fileRef = 5B482BBD291C3C4B00ACB9C0 /* BusinessUserSubscriptionService.swift */; };
		5B495FF328E622E40024D064 /* CreateOrEditTaskView.swift in Sources */ = {isa = PBXBuildFile; fileRef = 5B495FF228E622E40024D064 /* CreateOrEditTaskView.swift */; };
		5B495FF528E622F30024D064 /* CreateOrEditTaskViewModel.swift in Sources */ = {isa = PBXBuildFile; fileRef = 5B495FF428E622F30024D064 /* CreateOrEditTaskViewModel.swift */; };
		5B495FF728E62DB60024D064 /* BusinessSingleJourneyViewModel.swift in Sources */ = {isa = PBXBuildFile; fileRef = 5B495FF628E62DB60024D064 /* BusinessSingleJourneyViewModel.swift */; };
		5B495FFA28E75CE60024D064 /* TitleTextField.swift in Sources */ = {isa = PBXBuildFile; fileRef = 5B495FF928E75CE60024D064 /* TitleTextField.swift */; };
		5B495FFC28E75E450024D064 /* CloseButton.swift in Sources */ = {isa = PBXBuildFile; fileRef = 5B495FFB28E75E450024D064 /* CloseButton.swift */; };
		5B495FFE28E75EDD0024D064 /* IconButton.swift in Sources */ = {isa = PBXBuildFile; fileRef = 5B495FFD28E75EDD0024D064 /* IconButton.swift */; };
		5B49600028E75F810024D064 /* SendButton.swift in Sources */ = {isa = PBXBuildFile; fileRef = 5B495FFF28E75F810024D064 /* SendButton.swift */; };
		5B49600228E761230024D064 /* MultiLineTextField.swift in Sources */ = {isa = PBXBuildFile; fileRef = 5B49600128E761230024D064 /* MultiLineTextField.swift */; };
		5B49600428E76D010024D064 /* TitleWithIconView.swift in Sources */ = {isa = PBXBuildFile; fileRef = 5B49600328E76D010024D064 /* TitleWithIconView.swift */; };
		5B49600628E778360024D064 /* UserSelectionDropdown.swift in Sources */ = {isa = PBXBuildFile; fileRef = 5B49600528E778360024D064 /* UserSelectionDropdown.swift */; };
		5B49603128EB63AB0024D064 /* BusinessTaskView.swift in Sources */ = {isa = PBXBuildFile; fileRef = 5B49603028EB63AB0024D064 /* BusinessTaskView.swift */; };
		5B49603328EB74B10024D064 /* CategorySelectionDropdown.swift in Sources */ = {isa = PBXBuildFile; fileRef = 5B49603228EB74B10024D064 /* CategorySelectionDropdown.swift */; };
		5B49604328ECBF930024D064 /* CreateOrEditEventView.swift in Sources */ = {isa = PBXBuildFile; fileRef = 5B49604228ECBF930024D064 /* CreateOrEditEventView.swift */; };
		5B49604528ECBFA10024D064 /* CreateOrEditEventViewModel.swift in Sources */ = {isa = PBXBuildFile; fileRef = 5B49604428ECBFA10024D064 /* CreateOrEditEventViewModel.swift */; };
		5B49604728ECC50B0024D064 /* SimpleTextField.swift in Sources */ = {isa = PBXBuildFile; fileRef = 5B49604628ECC50B0024D064 /* SimpleTextField.swift */; };
		5B49604928ECC7160024D064 /* BusinessEventView.swift in Sources */ = {isa = PBXBuildFile; fileRef = 5B49604828ECC7160024D064 /* BusinessEventView.swift */; };
		5B49604B28ECC9B10024D064 /* DateExtension.swift in Sources */ = {isa = PBXBuildFile; fileRef = 5B49604A28ECC9B10024D064 /* DateExtension.swift */; };
		5B49605028EF51BC0024D064 /* BusinessEventsCalendarView.swift in Sources */ = {isa = PBXBuildFile; fileRef = 5B49604F28EF51BC0024D064 /* BusinessEventsCalendarView.swift */; };
		5B49605228EF520D0024D064 /* BusinessEventsCalendarViewModel.swift in Sources */ = {isa = PBXBuildFile; fileRef = 5B49605128EF520D0024D064 /* BusinessEventsCalendarViewModel.swift */; };
		5B49605528EF52810024D064 /* BusinessDateScrollerView.swift in Sources */ = {isa = PBXBuildFile; fileRef = 5B49605428EF52810024D064 /* BusinessDateScrollerView.swift */; };
		5B49605828EF535F0024D064 /* CalendarHelper.swift in Sources */ = {isa = PBXBuildFile; fileRef = 5B49605728EF535F0024D064 /* CalendarHelper.swift */; };
		5B49605A28EF58F90024D064 /* BusinessCalendarCell.swift in Sources */ = {isa = PBXBuildFile; fileRef = 5B49605928EF58F90024D064 /* BusinessCalendarCell.swift */; };
		5B49605D28EF5A0E0024D064 /* MonthStruct.swift in Sources */ = {isa = PBXBuildFile; fileRef = 5B49605C28EF5A0E0024D064 /* MonthStruct.swift */; };
		5B4E312729143B590031F74F /* OnboardingFinishedView.swift in Sources */ = {isa = PBXBuildFile; fileRef = 5B4E312629143B590031F74F /* OnboardingFinishedView.swift */; };
		5B4E312A29143C8A0031F74F /* OnboardingCardView.swift in Sources */ = {isa = PBXBuildFile; fileRef = 5B4E312929143C8A0031F74F /* OnboardingCardView.swift */; };
		5B4E313629158E2C0031F74F /* UserDefaultService.swift in Sources */ = {isa = PBXBuildFile; fileRef = 5B4E313529158E2C0031F74F /* UserDefaultService.swift */; };
		5B4E3138291594550031F74F /* OnbardingStorageService.swift in Sources */ = {isa = PBXBuildFile; fileRef = 5B4E3137291594550031F74F /* OnbardingStorageService.swift */; };
		5B4E313D2915A7750031F74F /* SettingsView.swift in Sources */ = {isa = PBXBuildFile; fileRef = 5B4E313C2915A7750031F74F /* SettingsView.swift */; };
		5B4E31402915A78B0031F74F /* SettingsViewModel.swift in Sources */ = {isa = PBXBuildFile; fileRef = 5B4E313F2915A78B0031F74F /* SettingsViewModel.swift */; };
		5B4E31432916D9FD0031F74F /* SettingsOptionView.swift in Sources */ = {isa = PBXBuildFile; fileRef = 5B4E31422916D9FD0031F74F /* SettingsOptionView.swift */; };
		5B4ED92F2911A6BE00FAB9FE /* TeamSubscriptionService.swift in Sources */ = {isa = PBXBuildFile; fileRef = 5B4ED92E2911A6BE00FAB9FE /* TeamSubscriptionService.swift */; };
		5B50425E29194C29001E39A2 /* HelpView.swift in Sources */ = {isa = PBXBuildFile; fileRef = 5B50425D29194C28001E39A2 /* HelpView.swift */; };
		5B5DD5AA28F497F900B2FF0F /* CustomBorderModifier.swift in Sources */ = {isa = PBXBuildFile; fileRef = 5B5DD5A928F497F900B2FF0F /* CustomBorderModifier.swift */; };
		5B5F9CF828F09AB8005739C2 /* GoogleService-Info.plist in Resources */ = {isa = PBXBuildFile; fileRef = 5B5F9CF728F09AB8005739C2 /* GoogleService-Info.plist */; };
		5B5F9CFB28F09C0E005739C2 /* FirebaseAuth in Frameworks */ = {isa = PBXBuildFile; productRef = 5B5F9CFA28F09C0E005739C2 /* FirebaseAuth */; };
		5B954E7D2901C2C700FA579E /* EmployeeEventView.swift in Sources */ = {isa = PBXBuildFile; fileRef = 5B954E7C2901C2C700FA579E /* EmployeeEventView.swift */; };
		5B954E812901C38D00FA579E /* UserTask.swift in Sources */ = {isa = PBXBuildFile; fileRef = 5B954E802901C38D00FA579E /* UserTask.swift */; };
		5B954E832901C6D700FA579E /* CheckBoxView.swift in Sources */ = {isa = PBXBuildFile; fileRef = 5B954E822901C6D700FA579E /* CheckBoxView.swift */; };
		5B954E852901CAB800FA579E /* EmployeeTaskView.swift in Sources */ = {isa = PBXBuildFile; fileRef = 5B954E842901CAB800FA579E /* EmployeeTaskView.swift */; };
		5B954E872903118500FA579E /* EmployeeEventsCalendarView.swift in Sources */ = {isa = PBXBuildFile; fileRef = 5B954E862903118500FA579E /* EmployeeEventsCalendarView.swift */; };
		5B954E89290311A400FA579E /* EmployeeEventsCalendarViewModel.swift in Sources */ = {isa = PBXBuildFile; fileRef = 5B954E88290311A400FA579E /* EmployeeEventsCalendarViewModel.swift */; };
		5B954E8B290319A700FA579E /* EmployeeCalendarCell.swift in Sources */ = {isa = PBXBuildFile; fileRef = 5B954E8A290319A700FA579E /* EmployeeCalendarCell.swift */; };
		5B954E8D290319B700FA579E /* EmployeeDateScrollerView.swift in Sources */ = {isa = PBXBuildFile; fileRef = 5B954E8C290319B700FA579E /* EmployeeDateScrollerView.swift */; };
		5B954E922906C0A700FA579E /* DemoView.swift in Sources */ = {isa = PBXBuildFile; fileRef = 5B954E912906C0A700FA579E /* DemoView.swift */; };
		5BA9AFE0290B182900C1078A /* HelpButton.swift in Sources */ = {isa = PBXBuildFile; fileRef = 5BA9AFDF290B182900C1078A /* HelpButton.swift */; };
		5BA9AFE2290C5D6B00C1078A /* EmployeeTaskFullView.swift in Sources */ = {isa = PBXBuildFile; fileRef = 5BA9AFE1290C5D6B00C1078A /* EmployeeTaskFullView.swift */; };
		5BA9AFEA291199E300C1078A /* OnboardingView.swift in Sources */ = {isa = PBXBuildFile; fileRef = 5BA9AFE9291199E300C1078A /* OnboardingView.swift */; };
		5BA9AFEC291199F000C1078A /* OnboardingViewModel.swift in Sources */ = {isa = PBXBuildFile; fileRef = 5BA9AFEB291199F000C1078A /* OnboardingViewModel.swift */; };
		5BAC4A8D2922CA52007722A3 /* EditingFormView.swift in Sources */ = {isa = PBXBuildFile; fileRef = 5BAC4A8C2922CA52007722A3 /* EditingFormView.swift */; };
		5BAC4A8F2922CA6B007722A3 /* DisplayFormView.swift in Sources */ = {isa = PBXBuildFile; fileRef = 5BAC4A8E2922CA6B007722A3 /* DisplayFormView.swift */; };
		5BACC62A28CFB855006975D3 /* CollieApp.swift in Sources */ = {isa = PBXBuildFile; fileRef = 5BACC62928CFB855006975D3 /* CollieApp.swift */; };
		5BACC62C28CFB855006975D3 /* DashboardView.swift in Sources */ = {isa = PBXBuildFile; fileRef = 5BACC62B28CFB855006975D3 /* DashboardView.swift */; };
		5BACC62E28CFB856006975D3 /* Assets.xcassets in Resources */ = {isa = PBXBuildFile; fileRef = 5BACC62D28CFB856006975D3 /* Assets.xcassets */; };
		5BACC63128CFB856006975D3 /* Preview Assets.xcassets in Resources */ = {isa = PBXBuildFile; fileRef = 5BACC63028CFB856006975D3 /* Preview Assets.xcassets */; };
		5BACC64E28CFC23D006975D3 /* BusinessSidebarView.swift in Sources */ = {isa = PBXBuildFile; fileRef = 5BACC64D28CFC23D006975D3 /* BusinessSidebarView.swift */; };
		5BACC65028CFC25F006975D3 /* BusinessSidebarViewModel.swift in Sources */ = {isa = PBXBuildFile; fileRef = 5BACC64F28CFC25F006975D3 /* BusinessSidebarViewModel.swift */; };
		5BACC65328CFC2BE006975D3 /* BusinessJourneyListView.swift in Sources */ = {isa = PBXBuildFile; fileRef = 5BACC65228CFC2BE006975D3 /* BusinessJourneyListView.swift */; };
		5BACC65628CFC37E006975D3 /* CustomColors.swift in Sources */ = {isa = PBXBuildFile; fileRef = 5BACC65528CFC37E006975D3 /* CustomColors.swift */; };
		5BACC65928CFC6D3006975D3 /* SidebarItemView.swift in Sources */ = {isa = PBXBuildFile; fileRef = 5BACC65828CFC6D3006975D3 /* SidebarItemView.swift */; };
		5BACC65B28D16FE5006975D3 /* SidebarItem.swift in Sources */ = {isa = PBXBuildFile; fileRef = 5BACC65A28D16FE5006975D3 /* SidebarItem.swift */; };
		5BACC66528D24413006975D3 /* TeamListView.swift in Sources */ = {isa = PBXBuildFile; fileRef = 5BACC66428D24413006975D3 /* TeamListView.swift */; };
		5BACC66A28D2610F006975D3 /* BusinessSingleJourneyView.swift in Sources */ = {isa = PBXBuildFile; fileRef = 5BACC66928D2610F006975D3 /* BusinessSingleJourneyView.swift */; };
		5BACC66C28D26127006975D3 /* Journey.swift in Sources */ = {isa = PBXBuildFile; fileRef = 5BACC66B28D26127006975D3 /* Journey.swift */; };
		5BACC66F28D26192006975D3 /* JourneyCard.swift in Sources */ = {isa = PBXBuildFile; fileRef = 5BACC66E28D26192006975D3 /* JourneyCard.swift */; };
		5BACC67128D2634D006975D3 /* BusinessJourneyListViewModel.swift in Sources */ = {isa = PBXBuildFile; fileRef = 5BACC67028D2634D006975D3 /* BusinessJourneyListViewModel.swift */; };
		5BB2FC7F28F9F672003EE3F9 /* EmployeeSidebarView.swift in Sources */ = {isa = PBXBuildFile; fileRef = 5BB2FC7E28F9F672003EE3F9 /* EmployeeSidebarView.swift */; };
		5BB2FC8228F9F68A003EE3F9 /* EmployeeSidebarViewModel.swift in Sources */ = {isa = PBXBuildFile; fileRef = 5BB2FC8128F9F68A003EE3F9 /* EmployeeSidebarViewModel.swift */; };
		5BB8527828FF1FD8008A8609 /* LoadingIndicator.swift in Sources */ = {isa = PBXBuildFile; fileRef = 5BB8527728FF1FD8008A8609 /* LoadingIndicator.swift */; };
		5BB8527A28FF21A5008A8609 /* LoadingBusinessCard.swift in Sources */ = {isa = PBXBuildFile; fileRef = 5BB8527928FF21A5008A8609 /* LoadingBusinessCard.swift */; };
		5BB8527F290088D5008A8609 /* EmployeeJourneyListView.swift in Sources */ = {isa = PBXBuildFile; fileRef = 5BB8527E290088D5008A8609 /* EmployeeJourneyListView.swift */; };
		5BB85281290088E5008A8609 /* EmployeeJourneyListViewModel.swift in Sources */ = {isa = PBXBuildFile; fileRef = 5BB85280290088E5008A8609 /* EmployeeJourneyListViewModel.swift */; };
		5BB85286290089E3008A8609 /* EmployeeSingleJourneyView.swift in Sources */ = {isa = PBXBuildFile; fileRef = 5BB85285290089E3008A8609 /* EmployeeSingleJourneyView.swift */; };
		5BB85288290089F8008A8609 /* EmployeeSingleJourneyViewModel.swift in Sources */ = {isa = PBXBuildFile; fileRef = 5BB85287290089F8008A8609 /* EmployeeSingleJourneyViewModel.swift */; };
		5BBBA4FB2914428D00D9949E /* TeamListDTO.swift in Sources */ = {isa = PBXBuildFile; fileRef = 5BBBA4FA2914428D00D9949E /* TeamListDTO.swift */; };
		5BBD8A2B2907122C00DACC6D /* LoadingView.swift in Sources */ = {isa = PBXBuildFile; fileRef = 5BBD8A2A2907122C00DACC6D /* LoadingView.swift */; };
		5BD68491291ADEE000090481 /* BusinessKey.swift in Sources */ = {isa = PBXBuildFile; fileRef = 5BD68490291ADEE000090481 /* BusinessKey.swift */; };
		5BD68496291D703500090481 /* ProfileView.swift in Sources */ = {isa = PBXBuildFile; fileRef = 5BD68495291D703500090481 /* ProfileView.swift */; };
		5BD8982328FDDDE70015EEDB /* WorkspaceViewModel.swift in Sources */ = {isa = PBXBuildFile; fileRef = 5BD8982228FDDDE70015EEDB /* WorkspaceViewModel.swift */; };
		5BD8982528FDE9670015EEDB /* BusinessCard.swift in Sources */ = {isa = PBXBuildFile; fileRef = 5BD8982428FDE9670015EEDB /* BusinessCard.swift */; };
		5BD8982828FE33730015EEDB /* WorkspaceButton.swift in Sources */ = {isa = PBXBuildFile; fileRef = 5BD8982728FE33730015EEDB /* WorkspaceButton.swift */; };
		5BD8982A28FE33930015EEDB /* WorkspaceCardModifier.swift in Sources */ = {isa = PBXBuildFile; fileRef = 5BD8982928FE33930015EEDB /* WorkspaceCardModifier.swift */; };
		5BDAB8C928E4BD13009BC353 /* FilePicker.swift in Sources */ = {isa = PBXBuildFile; fileRef = 5BDAB8C828E4BD13009BC353 /* FilePicker.swift */; };
		5BF6693528E23678001B0A1D /* UserCellView.swift in Sources */ = {isa = PBXBuildFile; fileRef = 5BF6693428E23678001B0A1D /* UserCellView.swift */; };
		5BF6693728E23779001B0A1D /* ChosenUserCellView.swift in Sources */ = {isa = PBXBuildFile; fileRef = 5BF6693628E23779001B0A1D /* ChosenUserCellView.swift */; };
		5BF6693928E23A4D001B0A1D /* UserIconView.swift in Sources */ = {isa = PBXBuildFile; fileRef = 5BF6693828E23A4D001B0A1D /* UserIconView.swift */; };
		5BF73BCA28DA3CDC00B74060 /* Business.swift in Sources */ = {isa = PBXBuildFile; fileRef = 5BF73BC928DA3CDC00B74060 /* Business.swift */; };
		5BF73BCC28DA3CE700B74060 /* UserModel.swift in Sources */ = {isa = PBXBuildFile; fileRef = 5BF73BCB28DA3CE700B74060 /* UserModel.swift */; };
		5BF73BD228DA3D8C00B74060 /* Task.swift in Sources */ = {isa = PBXBuildFile; fileRef = 5BF73BD128DA3D8C00B74060 /* Task.swift */; };
		5BF73BD428DA3D9700B74060 /* TaskCategory.swift in Sources */ = {isa = PBXBuildFile; fileRef = 5BF73BD328DA3D9700B74060 /* TaskCategory.swift */; };
		5BF73BD628DA3FDD00B74060 /* Event.swift in Sources */ = {isa = PBXBuildFile; fileRef = 5BF73BD528DA3FDD00B74060 /* Event.swift */; };
		5BF73BD828DB80F500B74060 /* TeamListViewModel.swift in Sources */ = {isa = PBXBuildFile; fileRef = 5BF73BD728DB80F500B74060 /* TeamListViewModel.swift */; };
		5BF73BDA28DB954E00B74060 /* CreateOrEditJourneyView.swift in Sources */ = {isa = PBXBuildFile; fileRef = 5BF73BD928DB954E00B74060 /* CreateOrEditJourneyView.swift */; };
		5BF73BDC28DB960900B74060 /* CreateOrEditJourneyViewModel.swift in Sources */ = {isa = PBXBuildFile; fileRef = 5BF73BDB28DB960900B74060 /* CreateOrEditJourneyViewModel.swift */; };
		5BF73BDE28DB9BB900B74060 /* TextFieldPlaceholder.swift in Sources */ = {isa = PBXBuildFile; fileRef = 5BF73BDD28DB9BB900B74060 /* TextFieldPlaceholder.swift */; };
/* End PBXBuildFile section */

/* Begin PBXFileReference section */
		5B0DC40D291D52E700CFD82A /* TextExtension.swift */ = {isa = PBXFileReference; lastKnownFileType = sourcecode.swift; path = TextExtension.swift; sourceTree = "<group>"; };
		5B0DC412291D5FBD00CFD82A /* CreateOrEditCategoryView.swift */ = {isa = PBXFileReference; lastKnownFileType = sourcecode.swift; path = CreateOrEditCategoryView.swift; sourceTree = "<group>"; };
		5B0DC414291D5FC900CFD82A /* CreateOrEditCategoryViewModel.swift */ = {isa = PBXFileReference; lastKnownFileType = sourcecode.swift; path = CreateOrEditCategoryViewModel.swift; sourceTree = "<group>"; };
		5B0DC416291E5EC800CFD82A /* BusinessUserRoles.swift */ = {isa = PBXFileReference; lastKnownFileType = sourcecode.swift; path = BusinessUserRoles.swift; sourceTree = "<group>"; };
		5B0F666628DCE44C0057BA32 /* DatabaseSubscriptionService.swift */ = {isa = PBXFileReference; lastKnownFileType = sourcecode.swift; path = DatabaseSubscriptionService.swift; sourceTree = "<group>"; };
		5B132A9C291D2F5000C82A09 /* EmployeeEventFullView.swift */ = {isa = PBXFileReference; lastKnownFileType = sourcecode.swift; path = EmployeeEventFullView.swift; sourceTree = "<group>"; };
		5B1BAD3F28FF37C700EFF0E4 /* RootView.swift */ = {isa = PBXFileReference; lastKnownFileType = sourcecode.swift; path = RootView.swift; sourceTree = "<group>"; };
		5B1BAD4228FF37E700EFF0E4 /* RootViewModel.swift */ = {isa = PBXFileReference; lastKnownFileType = sourcecode.swift; path = RootViewModel.swift; sourceTree = "<group>"; };
		5B1BAD472901C10100EFF0E4 /* UserSubscriptionService.swift */ = {isa = PBXFileReference; lastKnownFileType = sourcecode.swift; path = UserSubscriptionService.swift; sourceTree = "<group>"; };
		5B1BAD492901C1D900EFF0E4 /* BusinessSubscriptionService.swift */ = {isa = PBXFileReference; lastKnownFileType = sourcecode.swift; path = BusinessSubscriptionService.swift; sourceTree = "<group>"; };
		5B1BAD4C2901C34500EFF0E4 /* User_BusinessDTO.swift */ = {isa = PBXFileReference; lastKnownFileType = sourcecode.swift; path = User_BusinessDTO.swift; sourceTree = "<group>"; };
		5B1BAD502901CEC800EFF0E4 /* BusinessDTO.swift */ = {isa = PBXFileReference; lastKnownFileType = sourcecode.swift; path = BusinessDTO.swift; sourceTree = "<group>"; };
		5B1D56E0291EC6B700EB2EB8 /* CategoryCard.swift */ = {isa = PBXFileReference; lastKnownFileType = sourcecode.swift; path = CategoryCard.swift; sourceTree = "<group>"; };
		5B2B46A128E22B0900FC3BE9 /* NewUserFormsView.swift */ = {isa = PBXFileReference; lastKnownFileType = sourcecode.swift; path = NewUserFormsView.swift; sourceTree = "<group>"; };
		5B2B46A328E22C4300FC3BE9 /* ProgressBarView.swift */ = {isa = PBXFileReference; lastKnownFileType = sourcecode.swift; path = ProgressBarView.swift; sourceTree = "<group>"; };
		5B2B46A728E6233200FC3BE9 /* APISubscriptionService.swift */ = {isa = PBXFileReference; lastKnownFileType = sourcecode.swift; path = APISubscriptionService.swift; sourceTree = "<group>"; };
		5B2B46A928EB72DC00FC3BE9 /* AuthenticationService.swift */ = {isa = PBXFileReference; lastKnownFileType = sourcecode.swift; path = AuthenticationService.swift; sourceTree = "<group>"; };
		5B2B46AF28ECB42000FC3BE9 /* AuthenticationView.swift */ = {isa = PBXFileReference; lastKnownFileType = sourcecode.swift; path = AuthenticationView.swift; sourceTree = "<group>"; };
		5B2B46B128EDFFF100FC3BE9 /* CheckboxStyle.swift */ = {isa = PBXFileReference; lastKnownFileType = sourcecode.swift; path = CheckboxStyle.swift; sourceTree = "<group>"; };
		5B2B46B328EE05F000FC3BE9 /* SignupView.swift */ = {isa = PBXFileReference; lastKnownFileType = sourcecode.swift; path = SignupView.swift; sourceTree = "<group>"; };
		5B2B46B528EE159200FC3BE9 /* LoginView.swift */ = {isa = PBXFileReference; lastKnownFileType = sourcecode.swift; path = LoginView.swift; sourceTree = "<group>"; };
		5B2B46B728EE168200FC3BE9 /* AuthenticationViewModel.swift */ = {isa = PBXFileReference; lastKnownFileType = sourcecode.swift; path = AuthenticationViewModel.swift; sourceTree = "<group>"; };
		5B2B46B928EE18B000FC3BE9 /* CustomTextField.swift */ = {isa = PBXFileReference; lastKnownFileType = sourcecode.swift; path = CustomTextField.swift; sourceTree = "<group>"; };
		5B2B46BB28EF547700FC3BE9 /* CustomSecureView.swift */ = {isa = PBXFileReference; lastKnownFileType = sourcecode.swift; path = CustomSecureView.swift; sourceTree = "<group>"; };
		5B2D009B28F87CEF00131FFF /* WorkspaceView.swift */ = {isa = PBXFileReference; lastKnownFileType = sourcecode.swift; path = WorkspaceView.swift; sourceTree = "<group>"; };
		5B2F9E3828F4C36F00AC1B87 /* ResetPasswordView.swift */ = {isa = PBXFileReference; lastKnownFileType = sourcecode.swift; path = ResetPasswordView.swift; sourceTree = "<group>"; };
		5B345DBB290C4D5300978141 /* BusinessUser.swift */ = {isa = PBXFileReference; lastKnownFileType = sourcecode.swift; path = BusinessUser.swift; sourceTree = "<group>"; };
		5B37551229170BDA00D92D15 /* SettingsUserCell.swift */ = {isa = PBXFileReference; lastKnownFileType = sourcecode.swift; path = SettingsUserCell.swift; sourceTree = "<group>"; };
		5B3755142917158D00D92D15 /* RoleSelectionPicker.swift */ = {isa = PBXFileReference; lastKnownFileType = sourcecode.swift; path = RoleSelectionPicker.swift; sourceTree = "<group>"; };
		5B482BBD291C3C4B00ACB9C0 /* BusinessUserSubscriptionService.swift */ = {isa = PBXFileReference; lastKnownFileType = sourcecode.swift; path = BusinessUserSubscriptionService.swift; sourceTree = "<group>"; };
		5B495FF228E622E40024D064 /* CreateOrEditTaskView.swift */ = {isa = PBXFileReference; lastKnownFileType = sourcecode.swift; path = CreateOrEditTaskView.swift; sourceTree = "<group>"; };
		5B495FF428E622F30024D064 /* CreateOrEditTaskViewModel.swift */ = {isa = PBXFileReference; lastKnownFileType = sourcecode.swift; path = CreateOrEditTaskViewModel.swift; sourceTree = "<group>"; };
		5B495FF628E62DB60024D064 /* BusinessSingleJourneyViewModel.swift */ = {isa = PBXFileReference; lastKnownFileType = sourcecode.swift; path = BusinessSingleJourneyViewModel.swift; sourceTree = "<group>"; };
		5B495FF928E75CE60024D064 /* TitleTextField.swift */ = {isa = PBXFileReference; lastKnownFileType = sourcecode.swift; path = TitleTextField.swift; sourceTree = "<group>"; };
		5B495FFB28E75E450024D064 /* CloseButton.swift */ = {isa = PBXFileReference; lastKnownFileType = sourcecode.swift; path = CloseButton.swift; sourceTree = "<group>"; };
		5B495FFD28E75EDD0024D064 /* IconButton.swift */ = {isa = PBXFileReference; lastKnownFileType = sourcecode.swift; path = IconButton.swift; sourceTree = "<group>"; };
		5B495FFF28E75F810024D064 /* SendButton.swift */ = {isa = PBXFileReference; lastKnownFileType = sourcecode.swift; path = SendButton.swift; sourceTree = "<group>"; };
		5B49600128E761230024D064 /* MultiLineTextField.swift */ = {isa = PBXFileReference; lastKnownFileType = sourcecode.swift; path = MultiLineTextField.swift; sourceTree = "<group>"; };
		5B49600328E76D010024D064 /* TitleWithIconView.swift */ = {isa = PBXFileReference; lastKnownFileType = sourcecode.swift; path = TitleWithIconView.swift; sourceTree = "<group>"; };
		5B49600528E778360024D064 /* UserSelectionDropdown.swift */ = {isa = PBXFileReference; lastKnownFileType = sourcecode.swift; path = UserSelectionDropdown.swift; sourceTree = "<group>"; };
		5B49603028EB63AB0024D064 /* BusinessTaskView.swift */ = {isa = PBXFileReference; lastKnownFileType = sourcecode.swift; path = BusinessTaskView.swift; sourceTree = "<group>"; };
		5B49603228EB74B10024D064 /* CategorySelectionDropdown.swift */ = {isa = PBXFileReference; lastKnownFileType = sourcecode.swift; path = CategorySelectionDropdown.swift; sourceTree = "<group>"; };
		5B49604228ECBF930024D064 /* CreateOrEditEventView.swift */ = {isa = PBXFileReference; lastKnownFileType = sourcecode.swift; path = CreateOrEditEventView.swift; sourceTree = "<group>"; };
		5B49604428ECBFA10024D064 /* CreateOrEditEventViewModel.swift */ = {isa = PBXFileReference; lastKnownFileType = sourcecode.swift; path = CreateOrEditEventViewModel.swift; sourceTree = "<group>"; };
		5B49604628ECC50B0024D064 /* SimpleTextField.swift */ = {isa = PBXFileReference; lastKnownFileType = sourcecode.swift; path = SimpleTextField.swift; sourceTree = "<group>"; };
		5B49604828ECC7160024D064 /* BusinessEventView.swift */ = {isa = PBXFileReference; lastKnownFileType = sourcecode.swift; path = BusinessEventView.swift; sourceTree = "<group>"; };
		5B49604A28ECC9B10024D064 /* DateExtension.swift */ = {isa = PBXFileReference; lastKnownFileType = sourcecode.swift; path = DateExtension.swift; sourceTree = "<group>"; };
		5B49604F28EF51BC0024D064 /* BusinessEventsCalendarView.swift */ = {isa = PBXFileReference; lastKnownFileType = sourcecode.swift; path = BusinessEventsCalendarView.swift; sourceTree = "<group>"; };
		5B49605128EF520D0024D064 /* BusinessEventsCalendarViewModel.swift */ = {isa = PBXFileReference; lastKnownFileType = sourcecode.swift; path = BusinessEventsCalendarViewModel.swift; sourceTree = "<group>"; };
		5B49605428EF52810024D064 /* BusinessDateScrollerView.swift */ = {isa = PBXFileReference; lastKnownFileType = sourcecode.swift; path = BusinessDateScrollerView.swift; sourceTree = "<group>"; };
		5B49605728EF535F0024D064 /* CalendarHelper.swift */ = {isa = PBXFileReference; lastKnownFileType = sourcecode.swift; path = CalendarHelper.swift; sourceTree = "<group>"; };
		5B49605928EF58F90024D064 /* BusinessCalendarCell.swift */ = {isa = PBXFileReference; lastKnownFileType = sourcecode.swift; path = BusinessCalendarCell.swift; sourceTree = "<group>"; };
		5B49605C28EF5A0E0024D064 /* MonthStruct.swift */ = {isa = PBXFileReference; lastKnownFileType = sourcecode.swift; path = MonthStruct.swift; sourceTree = "<group>"; };
		5B4E312629143B590031F74F /* OnboardingFinishedView.swift */ = {isa = PBXFileReference; lastKnownFileType = sourcecode.swift; path = OnboardingFinishedView.swift; sourceTree = "<group>"; };
		5B4E312929143C8A0031F74F /* OnboardingCardView.swift */ = {isa = PBXFileReference; lastKnownFileType = sourcecode.swift; path = OnboardingCardView.swift; sourceTree = "<group>"; };
		5B4E313529158E2C0031F74F /* UserDefaultService.swift */ = {isa = PBXFileReference; lastKnownFileType = sourcecode.swift; path = UserDefaultService.swift; sourceTree = "<group>"; };
		5B4E3137291594550031F74F /* OnbardingStorageService.swift */ = {isa = PBXFileReference; lastKnownFileType = sourcecode.swift; path = OnbardingStorageService.swift; sourceTree = "<group>"; };
		5B4E313C2915A7750031F74F /* SettingsView.swift */ = {isa = PBXFileReference; lastKnownFileType = sourcecode.swift; path = SettingsView.swift; sourceTree = "<group>"; };
		5B4E313F2915A78B0031F74F /* SettingsViewModel.swift */ = {isa = PBXFileReference; lastKnownFileType = sourcecode.swift; path = SettingsViewModel.swift; sourceTree = "<group>"; };
		5B4E31422916D9FD0031F74F /* SettingsOptionView.swift */ = {isa = PBXFileReference; lastKnownFileType = sourcecode.swift; path = SettingsOptionView.swift; sourceTree = "<group>"; };
		5B4ED92E2911A6BE00FAB9FE /* TeamSubscriptionService.swift */ = {isa = PBXFileReference; lastKnownFileType = sourcecode.swift; path = TeamSubscriptionService.swift; sourceTree = "<group>"; };
		5B50425D29194C28001E39A2 /* HelpView.swift */ = {isa = PBXFileReference; lastKnownFileType = sourcecode.swift; path = HelpView.swift; sourceTree = "<group>"; };
		5B5DD5A928F497F900B2FF0F /* CustomBorderModifier.swift */ = {isa = PBXFileReference; lastKnownFileType = sourcecode.swift; path = CustomBorderModifier.swift; sourceTree = "<group>"; };
		5B5F9CF728F09AB8005739C2 /* GoogleService-Info.plist */ = {isa = PBXFileReference; fileEncoding = 4; lastKnownFileType = text.plist.xml; path = "GoogleService-Info.plist"; sourceTree = "<group>"; };
		5B954E7C2901C2C700FA579E /* EmployeeEventView.swift */ = {isa = PBXFileReference; lastKnownFileType = sourcecode.swift; path = EmployeeEventView.swift; sourceTree = "<group>"; };
		5B954E802901C38D00FA579E /* UserTask.swift */ = {isa = PBXFileReference; lastKnownFileType = sourcecode.swift; path = UserTask.swift; sourceTree = "<group>"; };
		5B954E822901C6D700FA579E /* CheckBoxView.swift */ = {isa = PBXFileReference; lastKnownFileType = sourcecode.swift; path = CheckBoxView.swift; sourceTree = "<group>"; };
		5B954E842901CAB800FA579E /* EmployeeTaskView.swift */ = {isa = PBXFileReference; lastKnownFileType = sourcecode.swift; path = EmployeeTaskView.swift; sourceTree = "<group>"; };
		5B954E862903118500FA579E /* EmployeeEventsCalendarView.swift */ = {isa = PBXFileReference; lastKnownFileType = sourcecode.swift; path = EmployeeEventsCalendarView.swift; sourceTree = "<group>"; };
		5B954E88290311A400FA579E /* EmployeeEventsCalendarViewModel.swift */ = {isa = PBXFileReference; lastKnownFileType = sourcecode.swift; path = EmployeeEventsCalendarViewModel.swift; sourceTree = "<group>"; };
		5B954E8A290319A700FA579E /* EmployeeCalendarCell.swift */ = {isa = PBXFileReference; lastKnownFileType = sourcecode.swift; path = EmployeeCalendarCell.swift; sourceTree = "<group>"; };
		5B954E8C290319B700FA579E /* EmployeeDateScrollerView.swift */ = {isa = PBXFileReference; lastKnownFileType = sourcecode.swift; path = EmployeeDateScrollerView.swift; sourceTree = "<group>"; };
		5B954E912906C0A700FA579E /* DemoView.swift */ = {isa = PBXFileReference; lastKnownFileType = sourcecode.swift; path = DemoView.swift; sourceTree = "<group>"; };
		5BA9AFDF290B182900C1078A /* HelpButton.swift */ = {isa = PBXFileReference; lastKnownFileType = sourcecode.swift; path = HelpButton.swift; sourceTree = "<group>"; };
		5BA9AFE1290C5D6B00C1078A /* EmployeeTaskFullView.swift */ = {isa = PBXFileReference; lastKnownFileType = sourcecode.swift; path = EmployeeTaskFullView.swift; sourceTree = "<group>"; };
		5BA9AFE9291199E300C1078A /* OnboardingView.swift */ = {isa = PBXFileReference; lastKnownFileType = sourcecode.swift; path = OnboardingView.swift; sourceTree = "<group>"; };
		5BA9AFEB291199F000C1078A /* OnboardingViewModel.swift */ = {isa = PBXFileReference; lastKnownFileType = sourcecode.swift; path = OnboardingViewModel.swift; sourceTree = "<group>"; };
		5BAC4A8C2922CA52007722A3 /* EditingFormView.swift */ = {isa = PBXFileReference; lastKnownFileType = sourcecode.swift; path = EditingFormView.swift; sourceTree = "<group>"; };
		5BAC4A8E2922CA6B007722A3 /* DisplayFormView.swift */ = {isa = PBXFileReference; lastKnownFileType = sourcecode.swift; path = DisplayFormView.swift; sourceTree = "<group>"; };
		5BACC62628CFB855006975D3 /* Collie.app */ = {isa = PBXFileReference; explicitFileType = wrapper.application; includeInIndex = 0; path = Collie.app; sourceTree = BUILT_PRODUCTS_DIR; };
		5BACC62928CFB855006975D3 /* CollieApp.swift */ = {isa = PBXFileReference; lastKnownFileType = sourcecode.swift; path = CollieApp.swift; sourceTree = "<group>"; };
		5BACC62B28CFB855006975D3 /* DashboardView.swift */ = {isa = PBXFileReference; lastKnownFileType = sourcecode.swift; path = DashboardView.swift; sourceTree = "<group>"; };
		5BACC62D28CFB856006975D3 /* Assets.xcassets */ = {isa = PBXFileReference; lastKnownFileType = folder.assetcatalog; path = Assets.xcassets; sourceTree = "<group>"; };
		5BACC63028CFB856006975D3 /* Preview Assets.xcassets */ = {isa = PBXFileReference; lastKnownFileType = folder.assetcatalog; path = "Preview Assets.xcassets"; sourceTree = "<group>"; };
		5BACC63228CFB856006975D3 /* Collie.entitlements */ = {isa = PBXFileReference; lastKnownFileType = text.plist.entitlements; path = Collie.entitlements; sourceTree = "<group>"; };
		5BACC64D28CFC23D006975D3 /* BusinessSidebarView.swift */ = {isa = PBXFileReference; lastKnownFileType = sourcecode.swift; path = BusinessSidebarView.swift; sourceTree = "<group>"; };
		5BACC64F28CFC25F006975D3 /* BusinessSidebarViewModel.swift */ = {isa = PBXFileReference; lastKnownFileType = sourcecode.swift; path = BusinessSidebarViewModel.swift; sourceTree = "<group>"; };
		5BACC65228CFC2BE006975D3 /* BusinessJourneyListView.swift */ = {isa = PBXFileReference; lastKnownFileType = sourcecode.swift; path = BusinessJourneyListView.swift; sourceTree = "<group>"; };
		5BACC65528CFC37E006975D3 /* CustomColors.swift */ = {isa = PBXFileReference; lastKnownFileType = sourcecode.swift; path = CustomColors.swift; sourceTree = "<group>"; };
		5BACC65828CFC6D3006975D3 /* SidebarItemView.swift */ = {isa = PBXFileReference; lastKnownFileType = sourcecode.swift; path = SidebarItemView.swift; sourceTree = "<group>"; };
		5BACC65A28D16FE5006975D3 /* SidebarItem.swift */ = {isa = PBXFileReference; lastKnownFileType = sourcecode.swift; path = SidebarItem.swift; sourceTree = "<group>"; };
		5BACC66428D24413006975D3 /* TeamListView.swift */ = {isa = PBXFileReference; lastKnownFileType = sourcecode.swift; path = TeamListView.swift; sourceTree = "<group>"; };
		5BACC66928D2610F006975D3 /* BusinessSingleJourneyView.swift */ = {isa = PBXFileReference; lastKnownFileType = sourcecode.swift; path = BusinessSingleJourneyView.swift; sourceTree = "<group>"; };
		5BACC66B28D26127006975D3 /* Journey.swift */ = {isa = PBXFileReference; lastKnownFileType = sourcecode.swift; path = Journey.swift; sourceTree = "<group>"; };
		5BACC66E28D26192006975D3 /* JourneyCard.swift */ = {isa = PBXFileReference; lastKnownFileType = sourcecode.swift; path = JourneyCard.swift; sourceTree = "<group>"; };
		5BACC67028D2634D006975D3 /* BusinessJourneyListViewModel.swift */ = {isa = PBXFileReference; lastKnownFileType = sourcecode.swift; path = BusinessJourneyListViewModel.swift; sourceTree = "<group>"; };
		5BB2FC7E28F9F672003EE3F9 /* EmployeeSidebarView.swift */ = {isa = PBXFileReference; lastKnownFileType = sourcecode.swift; path = EmployeeSidebarView.swift; sourceTree = "<group>"; };
		5BB2FC8128F9F68A003EE3F9 /* EmployeeSidebarViewModel.swift */ = {isa = PBXFileReference; lastKnownFileType = sourcecode.swift; path = EmployeeSidebarViewModel.swift; sourceTree = "<group>"; };
		5BB8527728FF1FD8008A8609 /* LoadingIndicator.swift */ = {isa = PBXFileReference; lastKnownFileType = sourcecode.swift; path = LoadingIndicator.swift; sourceTree = "<group>"; };
		5BB8527928FF21A5008A8609 /* LoadingBusinessCard.swift */ = {isa = PBXFileReference; lastKnownFileType = sourcecode.swift; path = LoadingBusinessCard.swift; sourceTree = "<group>"; };
		5BB8527E290088D5008A8609 /* EmployeeJourneyListView.swift */ = {isa = PBXFileReference; lastKnownFileType = sourcecode.swift; path = EmployeeJourneyListView.swift; sourceTree = "<group>"; };
		5BB85280290088E5008A8609 /* EmployeeJourneyListViewModel.swift */ = {isa = PBXFileReference; lastKnownFileType = sourcecode.swift; path = EmployeeJourneyListViewModel.swift; sourceTree = "<group>"; };
		5BB85285290089E3008A8609 /* EmployeeSingleJourneyView.swift */ = {isa = PBXFileReference; lastKnownFileType = sourcecode.swift; path = EmployeeSingleJourneyView.swift; sourceTree = "<group>"; };
		5BB85287290089F8008A8609 /* EmployeeSingleJourneyViewModel.swift */ = {isa = PBXFileReference; lastKnownFileType = sourcecode.swift; path = EmployeeSingleJourneyViewModel.swift; sourceTree = "<group>"; };
		5BBBA4FA2914428D00D9949E /* TeamListDTO.swift */ = {isa = PBXFileReference; lastKnownFileType = sourcecode.swift; path = TeamListDTO.swift; sourceTree = "<group>"; };
		5BBD8A2A2907122C00DACC6D /* LoadingView.swift */ = {isa = PBXFileReference; lastKnownFileType = sourcecode.swift; path = LoadingView.swift; sourceTree = "<group>"; };
		5BD68490291ADEE000090481 /* BusinessKey.swift */ = {isa = PBXFileReference; lastKnownFileType = sourcecode.swift; path = BusinessKey.swift; sourceTree = "<group>"; };
		5BD68495291D703500090481 /* ProfileView.swift */ = {isa = PBXFileReference; lastKnownFileType = sourcecode.swift; path = ProfileView.swift; sourceTree = "<group>"; };
		5BD8982228FDDDE70015EEDB /* WorkspaceViewModel.swift */ = {isa = PBXFileReference; lastKnownFileType = sourcecode.swift; path = WorkspaceViewModel.swift; sourceTree = "<group>"; };
		5BD8982428FDE9670015EEDB /* BusinessCard.swift */ = {isa = PBXFileReference; lastKnownFileType = sourcecode.swift; path = BusinessCard.swift; sourceTree = "<group>"; };
		5BD8982728FE33730015EEDB /* WorkspaceButton.swift */ = {isa = PBXFileReference; lastKnownFileType = sourcecode.swift; path = WorkspaceButton.swift; sourceTree = "<group>"; };
		5BD8982928FE33930015EEDB /* WorkspaceCardModifier.swift */ = {isa = PBXFileReference; lastKnownFileType = sourcecode.swift; path = WorkspaceCardModifier.swift; sourceTree = "<group>"; };
		5BDAB8C828E4BD13009BC353 /* FilePicker.swift */ = {isa = PBXFileReference; lastKnownFileType = sourcecode.swift; path = FilePicker.swift; sourceTree = "<group>"; };
		5BF6693428E23678001B0A1D /* UserCellView.swift */ = {isa = PBXFileReference; lastKnownFileType = sourcecode.swift; path = UserCellView.swift; sourceTree = "<group>"; };
		5BF6693628E23779001B0A1D /* ChosenUserCellView.swift */ = {isa = PBXFileReference; lastKnownFileType = sourcecode.swift; path = ChosenUserCellView.swift; sourceTree = "<group>"; };
		5BF6693828E23A4D001B0A1D /* UserIconView.swift */ = {isa = PBXFileReference; lastKnownFileType = sourcecode.swift; path = UserIconView.swift; sourceTree = "<group>"; };
		5BF73BC928DA3CDC00B74060 /* Business.swift */ = {isa = PBXFileReference; lastKnownFileType = sourcecode.swift; path = Business.swift; sourceTree = "<group>"; };
		5BF73BCB28DA3CE700B74060 /* UserModel.swift */ = {isa = PBXFileReference; lastKnownFileType = sourcecode.swift; path = UserModel.swift; sourceTree = "<group>"; };
		5BF73BD128DA3D8C00B74060 /* Task.swift */ = {isa = PBXFileReference; lastKnownFileType = sourcecode.swift; path = Task.swift; sourceTree = "<group>"; };
		5BF73BD328DA3D9700B74060 /* TaskCategory.swift */ = {isa = PBXFileReference; lastKnownFileType = sourcecode.swift; path = TaskCategory.swift; sourceTree = "<group>"; };
		5BF73BD528DA3FDD00B74060 /* Event.swift */ = {isa = PBXFileReference; lastKnownFileType = sourcecode.swift; path = Event.swift; sourceTree = "<group>"; };
		5BF73BD728DB80F500B74060 /* TeamListViewModel.swift */ = {isa = PBXFileReference; lastKnownFileType = sourcecode.swift; path = TeamListViewModel.swift; sourceTree = "<group>"; };
		5BF73BD928DB954E00B74060 /* CreateOrEditJourneyView.swift */ = {isa = PBXFileReference; lastKnownFileType = sourcecode.swift; path = CreateOrEditJourneyView.swift; sourceTree = "<group>"; };
		5BF73BDB28DB960900B74060 /* CreateOrEditJourneyViewModel.swift */ = {isa = PBXFileReference; lastKnownFileType = sourcecode.swift; path = CreateOrEditJourneyViewModel.swift; sourceTree = "<group>"; };
		5BF73BDD28DB9BB900B74060 /* TextFieldPlaceholder.swift */ = {isa = PBXFileReference; lastKnownFileType = sourcecode.swift; path = TextFieldPlaceholder.swift; sourceTree = "<group>"; };
/* End PBXFileReference section */

/* Begin PBXFrameworksBuildPhase section */
		5BACC62328CFB855006975D3 /* Frameworks */ = {
			isa = PBXFrameworksBuildPhase;
			buildActionMask = 2147483647;
			files = (
				5B5F9CFB28F09C0E005739C2 /* FirebaseAuth in Frameworks */,
				5B2D009F28F9E71200131FFF /* Alamofire in Frameworks */,
			);
			runOnlyForDeploymentPostprocessing = 0;
		};
/* End PBXFrameworksBuildPhase section */

/* Begin PBXGroup section */
		5B0DC40F291D5F8600CFD82A /* CreateOrEditCategory */ = {
			isa = PBXGroup;
			children = (
				5B0DC411291D5F9C00CFD82A /* View Models */,
				5B0DC410291D5F9800CFD82A /* Views */,
			);
			path = CreateOrEditCategory;
			sourceTree = "<group>";
		};
		5B0DC410291D5F9800CFD82A /* Views */ = {
			isa = PBXGroup;
			children = (
				5B0DC412291D5FBD00CFD82A /* CreateOrEditCategoryView.swift */,
			);
			path = Views;
			sourceTree = "<group>";
		};
		5B0DC411291D5F9C00CFD82A /* View Models */ = {
			isa = PBXGroup;
			children = (
				5B0DC414291D5FC900CFD82A /* CreateOrEditCategoryViewModel.swift */,
			);
			path = "View Models";
			sourceTree = "<group>";
		};
		5B0F666428DCE1BC0057BA32 /* Services */ = {
			isa = PBXGroup;
			children = (
				5B4E313429158E0B0031F74F /* UserDefault */,
				5B49605B28EF59E70024D064 /* Calendar */,
				5B0F666528DCE41A0057BA32 /* UseCases */,
			);
			path = Services;
			sourceTree = "<group>";
		};
		5B0F666528DCE41A0057BA32 /* UseCases */ = {
			isa = PBXGroup;
			children = (
				5B1BAD462901C0F000EFF0E4 /* Database */,
				5B0F666628DCE44C0057BA32 /* DatabaseSubscriptionService.swift */,
				5B2B46A728E6233200FC3BE9 /* APISubscriptionService.swift */,
				5B2B46A928EB72DC00FC3BE9 /* AuthenticationService.swift */,
			);
			path = UseCases;
			sourceTree = "<group>";
		};
		5B1BAD3D28FF37AB00EFF0E4 /* Root */ = {
			isa = PBXGroup;
			children = (
				5B1BAD4128FF37D000EFF0E4 /* View Models */,
				5B1BAD3E28FF37BA00EFF0E4 /* View */,
			);
			path = Root;
			sourceTree = "<group>";
		};
		5B1BAD3E28FF37BA00EFF0E4 /* View */ = {
			isa = PBXGroup;
			children = (
				5B1BAD3F28FF37C700EFF0E4 /* RootView.swift */,
			);
			path = View;
			sourceTree = "<group>";
		};
		5B1BAD4128FF37D000EFF0E4 /* View Models */ = {
			isa = PBXGroup;
			children = (
				5B1BAD4228FF37E700EFF0E4 /* RootViewModel.swift */,
			);
			path = "View Models";
			sourceTree = "<group>";
		};
		5B1BAD462901C0F000EFF0E4 /* Database */ = {
			isa = PBXGroup;
			children = (
				5B1BAD4B2901C32600EFF0E4 /* ModelDTO */,
				5B1BAD472901C10100EFF0E4 /* UserSubscriptionService.swift */,
				5B1BAD492901C1D900EFF0E4 /* BusinessSubscriptionService.swift */,
				5B4ED92E2911A6BE00FAB9FE /* TeamSubscriptionService.swift */,
				5B482BBD291C3C4B00ACB9C0 /* BusinessUserSubscriptionService.swift */,
			);
			path = Database;
			sourceTree = "<group>";
		};
		5B1BAD4B2901C32600EFF0E4 /* ModelDTO */ = {
			isa = PBXGroup;
			children = (
				5B1BAD4C2901C34500EFF0E4 /* User_BusinessDTO.swift */,
				5B1BAD502901CEC800EFF0E4 /* BusinessDTO.swift */,
				5BBBA4FA2914428D00D9949E /* TeamListDTO.swift */,
			);
			path = ModelDTO;
			sourceTree = "<group>";
		};
		5B2B46AB28ECB35100FC3BE9 /* Scenes */ = {
			isa = PBXGroup;
			children = (
				5BD68492291D701500090481 /* Profile */,
				5BA9AFE6291199C700C1078A /* Onboarding */,
				5B954E8E2906C08B00FA579E /* Demo */,
				5B1BAD3D28FF37AB00EFF0E4 /* Root */,
				5B2D009828F87CC400131FFF /* Workspace */,
				5B2B46AC28ECB3F100FC3BE9 /* Authentication */,
			);
			path = Scenes;
			sourceTree = "<group>";
		};
		5B2B46AC28ECB3F100FC3BE9 /* Authentication */ = {
			isa = PBXGroup;
			children = (
				5B2B46AE28ECB40600FC3BE9 /* View Models */,
				5B2B46AD28ECB3FE00FC3BE9 /* Views */,
			);
			path = Authentication;
			sourceTree = "<group>";
		};
		5B2B46AD28ECB3FE00FC3BE9 /* Views */ = {
			isa = PBXGroup;
			children = (
				5B2B46AF28ECB42000FC3BE9 /* AuthenticationView.swift */,
				5B2B46B328EE05F000FC3BE9 /* SignupView.swift */,
				5B2B46B528EE159200FC3BE9 /* LoginView.swift */,
				5B2F9E3828F4C36F00AC1B87 /* ResetPasswordView.swift */,
			);
			path = Views;
			sourceTree = "<group>";
		};
		5B2B46AE28ECB40600FC3BE9 /* View Models */ = {
			isa = PBXGroup;
			children = (
				5B2B46B728EE168200FC3BE9 /* AuthenticationViewModel.swift */,
			);
			path = "View Models";
			sourceTree = "<group>";
		};
		5B2D009828F87CC400131FFF /* Workspace */ = {
			isa = PBXGroup;
			children = (
				5BD8982128FDDDD20015EEDB /* View Models */,
				5B2D009928F87CD100131FFF /* View */,
			);
			path = Workspace;
			sourceTree = "<group>";
		};
		5B2D009928F87CD100131FFF /* View */ = {
			isa = PBXGroup;
			children = (
				5BD8982628FE33620015EEDB /* Components */,
				5B2D009B28F87CEF00131FFF /* WorkspaceView.swift */,
				5BBD8A2A2907122C00DACC6D /* LoadingView.swift */,
			);
			path = View;
			sourceTree = "<group>";
		};
		5B495FEF28E622C40024D064 /* CreateOrEditTask */ = {
			isa = PBXGroup;
			children = (
				5B495FF128E622D30024D064 /* View Models */,
				5B495FF028E622CD0024D064 /* Views */,
			);
			path = CreateOrEditTask;
			sourceTree = "<group>";
		};
		5B495FF028E622CD0024D064 /* Views */ = {
			isa = PBXGroup;
			children = (
				5B495FF228E622E40024D064 /* CreateOrEditTaskView.swift */,
			);
			path = Views;
			sourceTree = "<group>";
		};
		5B495FF128E622D30024D064 /* View Models */ = {
			isa = PBXGroup;
			children = (
				5B495FF428E622F30024D064 /* CreateOrEditTaskViewModel.swift */,
			);
			path = "View Models";
			sourceTree = "<group>";
		};
		5B495FF828E75CBD0024D064 /* Components */ = {
			isa = PBXGroup;
			children = (
				5B495FF928E75CE60024D064 /* TitleTextField.swift */,
				5B495FFB28E75E450024D064 /* CloseButton.swift */,
				5B495FFD28E75EDD0024D064 /* IconButton.swift */,
				5B495FFF28E75F810024D064 /* SendButton.swift */,
				5B49600128E761230024D064 /* MultiLineTextField.swift */,
				5B49600328E76D010024D064 /* TitleWithIconView.swift */,
				5B49600528E778360024D064 /* UserSelectionDropdown.swift */,
				5B49603228EB74B10024D064 /* CategorySelectionDropdown.swift */,
				5BF6693828E23A4D001B0A1D /* UserIconView.swift */,
				5BF6693628E23779001B0A1D /* ChosenUserCellView.swift */,
				5BF6693428E23678001B0A1D /* UserCellView.swift */,
				5B49604628ECC50B0024D064 /* SimpleTextField.swift */,
				5BD8982428FDE9670015EEDB /* BusinessCard.swift */,
				5BB8527728FF1FD8008A8609 /* LoadingIndicator.swift */,
				5BB8527928FF21A5008A8609 /* LoadingBusinessCard.swift */,
				5BACC65828CFC6D3006975D3 /* SidebarItemView.swift */,
				5BA9AFDF290B182900C1078A /* HelpButton.swift */,
				5B50425D29194C28001E39A2 /* HelpView.swift */,
			);
			path = Components;
			sourceTree = "<group>";
		};
		5B49603F28ECBF6E0024D064 /* CreateOrEditEvent */ = {
			isa = PBXGroup;
			children = (
				5B49604128ECBF7F0024D064 /* View Models */,
				5B49604028ECBF7A0024D064 /* Views */,
			);
			path = CreateOrEditEvent;
			sourceTree = "<group>";
		};
		5B49604028ECBF7A0024D064 /* Views */ = {
			isa = PBXGroup;
			children = (
				5B49604228ECBF930024D064 /* CreateOrEditEventView.swift */,
			);
			path = Views;
			sourceTree = "<group>";
		};
		5B49604128ECBF7F0024D064 /* View Models */ = {
			isa = PBXGroup;
			children = (
				5B49604428ECBFA10024D064 /* CreateOrEditEventViewModel.swift */,
			);
			path = "View Models";
			sourceTree = "<group>";
		};
		5B49605328EF526C0024D064 /* Components */ = {
			isa = PBXGroup;
			children = (
				5B49604828ECC7160024D064 /* BusinessEventView.swift */,
				5B49603028EB63AB0024D064 /* BusinessTaskView.swift */,
				5B49605428EF52810024D064 /* BusinessDateScrollerView.swift */,
				5B49605928EF58F90024D064 /* BusinessCalendarCell.swift */,
				5B1D56E0291EC6B700EB2EB8 /* CategoryCard.swift */,
			);
			path = Components;
			sourceTree = "<group>";
		};
		5B49605B28EF59E70024D064 /* Calendar */ = {
			isa = PBXGroup;
			children = (
				5B49605728EF535F0024D064 /* CalendarHelper.swift */,
				5B49605C28EF5A0E0024D064 /* MonthStruct.swift */,
			);
			path = Calendar;
			sourceTree = "<group>";
		};
		5B4E312829143C770031F74F /* Components */ = {
			isa = PBXGroup;
			children = (
				5B4E312929143C8A0031F74F /* OnboardingCardView.swift */,
			);
			path = Components;
			sourceTree = "<group>";
		};
		5B4E313429158E0B0031F74F /* UserDefault */ = {
			isa = PBXGroup;
			children = (
				5B4E313529158E2C0031F74F /* UserDefaultService.swift */,
				5B4E3137291594550031F74F /* OnbardingStorageService.swift */,
			);
			path = UserDefault;
			sourceTree = "<group>";
		};
		5B4E31392915A7580031F74F /* Settings */ = {
			isa = PBXGroup;
			children = (
				5B4E313B2915A7630031F74F /* View Models */,
				5B4E313A2915A75F0031F74F /* Views */,
			);
			path = Settings;
			sourceTree = "<group>";
		};
		5B4E313A2915A75F0031F74F /* Views */ = {
			isa = PBXGroup;
			children = (
				5B4E31412916D9EB0031F74F /* Components */,
				5B4E313C2915A7750031F74F /* SettingsView.swift */,
			);
			path = Views;
			sourceTree = "<group>";
		};
		5B4E313B2915A7630031F74F /* View Models */ = {
			isa = PBXGroup;
			children = (
				5B4E313F2915A78B0031F74F /* SettingsViewModel.swift */,
			);
			path = "View Models";
			sourceTree = "<group>";
		};
		5B4E31412916D9EB0031F74F /* Components */ = {
			isa = PBXGroup;
			children = (
				5B4E31422916D9FD0031F74F /* SettingsOptionView.swift */,
				5B37551229170BDA00D92D15 /* SettingsUserCell.swift */,
				5B3755142917158D00D92D15 /* RoleSelectionPicker.swift */,
			);
			path = Components;
			sourceTree = "<group>";
		};
		5B954E7B2901C1F600FA579E /* Components */ = {
			isa = PBXGroup;
			children = (
				5B954E7C2901C2C700FA579E /* EmployeeEventView.swift */,
				5B954E822901C6D700FA579E /* CheckBoxView.swift */,
				5B954E842901CAB800FA579E /* EmployeeTaskView.swift */,
				5B954E8A290319A700FA579E /* EmployeeCalendarCell.swift */,
				5B954E8C290319B700FA579E /* EmployeeDateScrollerView.swift */,
			);
			path = Components;
			sourceTree = "<group>";
		};
		5B954E8E2906C08B00FA579E /* Demo */ = {
			isa = PBXGroup;
			children = (
				5B954E8F2906C09600FA579E /* Views */,
			);
			path = Demo;
			sourceTree = "<group>";
		};
		5B954E8F2906C09600FA579E /* Views */ = {
			isa = PBXGroup;
			children = (
				5B954E912906C0A700FA579E /* DemoView.swift */,
			);
			path = Views;
			sourceTree = "<group>";
		};
		5BA9AFE6291199C700C1078A /* Onboarding */ = {
			isa = PBXGroup;
			children = (
				5BA9AFE8291199D400C1078A /* View Models */,
				5BA9AFE7291199CD00C1078A /* Views */,
			);
			path = Onboarding;
			sourceTree = "<group>";
		};
		5BA9AFE7291199CD00C1078A /* Views */ = {
			isa = PBXGroup;
			children = (
				5B4E312829143C770031F74F /* Components */,
				5BA9AFE9291199E300C1078A /* OnboardingView.swift */,
				5B4E312629143B590031F74F /* OnboardingFinishedView.swift */,
			);
			path = Views;
			sourceTree = "<group>";
		};
		5BA9AFE8291199D400C1078A /* View Models */ = {
			isa = PBXGroup;
			children = (
				5BA9AFEB291199F000C1078A /* OnboardingViewModel.swift */,
			);
			path = "View Models";
			sourceTree = "<group>";
		};
		5BACC61D28CFB855006975D3 = {
			isa = PBXGroup;
			children = (
				5BACC62828CFB855006975D3 /* Collie */,
				5BACC62728CFB855006975D3 /* Products */,
			);
			sourceTree = "<group>";
		};
		5BACC62728CFB855006975D3 /* Products */ = {
			isa = PBXGroup;
			children = (
				5BACC62628CFB855006975D3 /* Collie.app */,
			);
			name = Products;
			sourceTree = "<group>";
		};
		5BACC62828CFB855006975D3 /* Collie */ = {
			isa = PBXGroup;
			children = (
				5BACC63D28CFC0FA006975D3 /* Shared */,
				5BACC63B28CFC0DE006975D3 /* Employee */,
				5BACC63A28CFC09E006975D3 /* Business Manager */,
				5BACC62D28CFB856006975D3 /* Assets.xcassets */,
				5BACC63228CFB856006975D3 /* Collie.entitlements */,
				5B5F9CF728F09AB8005739C2 /* GoogleService-Info.plist */,
				5BACC62F28CFB856006975D3 /* Preview Content */,
			);
			path = Collie;
			sourceTree = "<group>";
		};
		5BACC62F28CFB856006975D3 /* Preview Content */ = {
			isa = PBXGroup;
			children = (
				5BACC63028CFB856006975D3 /* Preview Assets.xcassets */,
			);
			path = "Preview Content";
			sourceTree = "<group>";
		};
		5BACC63928CFC083006975D3 /* Scenes */ = {
			isa = PBXGroup;
			children = (
				5B0DC40F291D5F8600CFD82A /* CreateOrEditCategory */,
				5B4E31392915A7580031F74F /* Settings */,
				5B49603F28ECBF6E0024D064 /* CreateOrEditEvent */,
				5B495FEF28E622C40024D064 /* CreateOrEditTask */,
				5BDAB8CA28E4D5F2009BC353 /* CreateOrEditJourney */,
				5BACC64A28CFC21B006975D3 /* Sidebar */,
				5BACC66128D243D5006975D3 /* Team List */,
				5BACC64228CFC12B006975D3 /* Journey List */,
				5BACC66628D260EF006975D3 /* Single Journey */,
				5BACC63F28CFC118006975D3 /* Dashboard */,
			);
			name = Scenes;
			path = ../Employee/Scenes;
			sourceTree = "<group>";
		};
		5BACC63A28CFC09E006975D3 /* Business Manager */ = {
			isa = PBXGroup;
			children = (
				5BACC63928CFC083006975D3 /* Scenes */,
			);
			path = "Business Manager";
			sourceTree = "<group>";
		};
		5BACC63B28CFC0DE006975D3 /* Employee */ = {
			isa = PBXGroup;
			children = (
				5BACC63C28CFC0F1006975D3 /* Scenes */,
			);
			path = Employee;
			sourceTree = "<group>";
		};
		5BACC63C28CFC0F1006975D3 /* Scenes */ = {
			isa = PBXGroup;
			children = (
				5BB85282290089C1008A8609 /* Single Journey */,
				5BB8527B29008873008A8609 /* Journey List */,
				5BB2FC7B28F9F655003EE3F9 /* Sidebar */,
			);
			name = Scenes;
			path = "../Business Manager/Scenes";
			sourceTree = "<group>";
		};
		5BACC63D28CFC0FA006975D3 /* Shared */ = {
			isa = PBXGroup;
			children = (
				5BACC62928CFB855006975D3 /* CollieApp.swift */,
				5B2B46AB28ECB35100FC3BE9 /* Scenes */,
				5B0F666428DCE1BC0057BA32 /* Services */,
				5B495FF828E75CBD0024D064 /* Components */,
				5BACC65428CFC36B006975D3 /* Utils */,
				5BACC65128CFC27B006975D3 /* Models */,
			);
			path = Shared;
			sourceTree = "<group>";
		};
		5BACC63F28CFC118006975D3 /* Dashboard */ = {
			isa = PBXGroup;
			children = (
				5BACC64128CFC122006975D3 /* View Models */,
				5BACC64028CFC11E006975D3 /* Views */,
			);
			path = Dashboard;
			sourceTree = "<group>";
		};
		5BACC64028CFC11E006975D3 /* Views */ = {
			isa = PBXGroup;
			children = (
				5BACC62B28CFB855006975D3 /* DashboardView.swift */,
			);
			path = Views;
			sourceTree = "<group>";
		};
		5BACC64128CFC122006975D3 /* View Models */ = {
			isa = PBXGroup;
			children = (
			);
			path = "View Models";
			sourceTree = "<group>";
		};
		5BACC64228CFC12B006975D3 /* Journey List */ = {
			isa = PBXGroup;
			children = (
				5BACC64428CFC137006975D3 /* View Models */,
				5BACC64328CFC132006975D3 /* Views */,
			);
			path = "Journey List";
			sourceTree = "<group>";
		};
		5BACC64328CFC132006975D3 /* Views */ = {
			isa = PBXGroup;
			children = (
				5BACC65228CFC2BE006975D3 /* BusinessJourneyListView.swift */,
				5BACC66D28D26184006975D3 /* Components */,
			);
			path = Views;
			sourceTree = "<group>";
		};
		5BACC64428CFC137006975D3 /* View Models */ = {
			isa = PBXGroup;
			children = (
				5BACC67028D2634D006975D3 /* BusinessJourneyListViewModel.swift */,
			);
			path = "View Models";
			sourceTree = "<group>";
		};
		5BACC64A28CFC21B006975D3 /* Sidebar */ = {
			isa = PBXGroup;
			children = (
				5BACC64C28CFC225006975D3 /* View Models */,
				5BACC64B28CFC220006975D3 /* Views */,
			);
			path = Sidebar;
			sourceTree = "<group>";
		};
		5BACC64B28CFC220006975D3 /* Views */ = {
			isa = PBXGroup;
			children = (
				5BACC64D28CFC23D006975D3 /* BusinessSidebarView.swift */,
			);
			path = Views;
			sourceTree = "<group>";
		};
		5BACC64C28CFC225006975D3 /* View Models */ = {
			isa = PBXGroup;
			children = (
				5BACC64F28CFC25F006975D3 /* BusinessSidebarViewModel.swift */,
			);
			path = "View Models";
			sourceTree = "<group>";
		};
		5BACC65128CFC27B006975D3 /* Models */ = {
			isa = PBXGroup;
			children = (
				5BACC65A28D16FE5006975D3 /* SidebarItem.swift */,
				5BACC66B28D26127006975D3 /* Journey.swift */,
				5BF73BC928DA3CDC00B74060 /* Business.swift */,
				5BF73BCB28DA3CE700B74060 /* UserModel.swift */,
				5BF73BD128DA3D8C00B74060 /* Task.swift */,
				5BF73BD328DA3D9700B74060 /* TaskCategory.swift */,
				5BF73BD528DA3FDD00B74060 /* Event.swift */,
				5B954E802901C38D00FA579E /* UserTask.swift */,
				5B345DBB290C4D5300978141 /* BusinessUser.swift */,
				5BD68490291ADEE000090481 /* BusinessKey.swift */,
				5B0DC416291E5EC800CFD82A /* BusinessUserRoles.swift */,
			);
			path = Models;
			sourceTree = "<group>";
		};
		5BACC65428CFC36B006975D3 /* Utils */ = {
			isa = PBXGroup;
			children = (
				5BACC65528CFC37E006975D3 /* CustomColors.swift */,
				5BF73BDD28DB9BB900B74060 /* TextFieldPlaceholder.swift */,
				5B49604A28ECC9B10024D064 /* DateExtension.swift */,
				5B5DD5A928F497F900B2FF0F /* CustomBorderModifier.swift */,
				5B2B46B128EDFFF100FC3BE9 /* CheckboxStyle.swift */,
				5B2B46B928EE18B000FC3BE9 /* CustomTextField.swift */,
				5B2B46BB28EF547700FC3BE9 /* CustomSecureView.swift */,
				5B0DC40D291D52E700CFD82A /* TextExtension.swift */,
			);
			path = Utils;
			sourceTree = "<group>";
		};
		5BACC66128D243D5006975D3 /* Team List */ = {
			isa = PBXGroup;
			children = (
				5BACC66328D24407006975D3 /* View Models */,
				5BACC66228D24403006975D3 /* Views */,
			);
			path = "Team List";
			sourceTree = "<group>";
		};
		5BACC66228D24403006975D3 /* Views */ = {
			isa = PBXGroup;
			children = (
				5BACC66428D24413006975D3 /* TeamListView.swift */,
				5B2B46A128E22B0900FC3BE9 /* NewUserFormsView.swift */,
				5B2B46A328E22C4300FC3BE9 /* ProgressBarView.swift */,
			);
			path = Views;
			sourceTree = "<group>";
		};
		5BACC66328D24407006975D3 /* View Models */ = {
			isa = PBXGroup;
			children = (
				5BF73BD728DB80F500B74060 /* TeamListViewModel.swift */,
			);
			path = "View Models";
			sourceTree = "<group>";
		};
		5BACC66628D260EF006975D3 /* Single Journey */ = {
			isa = PBXGroup;
			children = (
				5BACC66828D26101006975D3 /* View Models */,
				5BACC66728D260FC006975D3 /* Views */,
			);
			path = "Single Journey";
			sourceTree = "<group>";
		};
		5BACC66728D260FC006975D3 /* Views */ = {
			isa = PBXGroup;
			children = (
				5BACC66928D2610F006975D3 /* BusinessSingleJourneyView.swift */,
				5B49604F28EF51BC0024D064 /* BusinessEventsCalendarView.swift */,
				5B49605328EF526C0024D064 /* Components */,
			);
			path = Views;
			sourceTree = "<group>";
		};
		5BACC66828D26101006975D3 /* View Models */ = {
			isa = PBXGroup;
			children = (
				5B495FF628E62DB60024D064 /* BusinessSingleJourneyViewModel.swift */,
				5B49605128EF520D0024D064 /* BusinessEventsCalendarViewModel.swift */,
			);
			path = "View Models";
			sourceTree = "<group>";
		};
		5BACC66D28D26184006975D3 /* Components */ = {
			isa = PBXGroup;
			children = (
				5BACC66E28D26192006975D3 /* JourneyCard.swift */,
				5BDAB8C828E4BD13009BC353 /* FilePicker.swift */,
			);
			path = Components;
			sourceTree = "<group>";
		};
		5BB2FC7B28F9F655003EE3F9 /* Sidebar */ = {
			isa = PBXGroup;
			children = (
				5BB2FC7D28F9F661003EE3F9 /* View Models */,
				5BB2FC7C28F9F65C003EE3F9 /* Views */,
			);
			path = Sidebar;
			sourceTree = "<group>";
		};
		5BB2FC7C28F9F65C003EE3F9 /* Views */ = {
			isa = PBXGroup;
			children = (
				5BB2FC7E28F9F672003EE3F9 /* EmployeeSidebarView.swift */,
			);
			path = Views;
			sourceTree = "<group>";
		};
		5BB2FC7D28F9F661003EE3F9 /* View Models */ = {
			isa = PBXGroup;
			children = (
				5BB2FC8128F9F68A003EE3F9 /* EmployeeSidebarViewModel.swift */,
			);
			path = "View Models";
			sourceTree = "<group>";
		};
		5BB8527B29008873008A8609 /* Journey List */ = {
			isa = PBXGroup;
			children = (
				5BB8527D29008881008A8609 /* View Models */,
				5BB8527C2900887C008A8609 /* Views */,
			);
			path = "Journey List";
			sourceTree = "<group>";
		};
		5BB8527C2900887C008A8609 /* Views */ = {
			isa = PBXGroup;
			children = (
				5BB8527E290088D5008A8609 /* EmployeeJourneyListView.swift */,
			);
			path = Views;
			sourceTree = "<group>";
		};
		5BB8527D29008881008A8609 /* View Models */ = {
			isa = PBXGroup;
			children = (
				5BB85280290088E5008A8609 /* EmployeeJourneyListViewModel.swift */,
			);
			path = "View Models";
			sourceTree = "<group>";
		};
		5BB85282290089C1008A8609 /* Single Journey */ = {
			isa = PBXGroup;
			children = (
				5BB85284290089CD008A8609 /* View Models */,
				5BB85283290089C8008A8609 /* Views */,
			);
			path = "Single Journey";
			sourceTree = "<group>";
		};
		5BB85283290089C8008A8609 /* Views */ = {
			isa = PBXGroup;
			children = (
				5B954E7B2901C1F600FA579E /* Components */,
				5BB85285290089E3008A8609 /* EmployeeSingleJourneyView.swift */,
				5B954E862903118500FA579E /* EmployeeEventsCalendarView.swift */,
				5BA9AFE1290C5D6B00C1078A /* EmployeeTaskFullView.swift */,
				5B132A9C291D2F5000C82A09 /* EmployeeEventFullView.swift */,
			);
			path = Views;
			sourceTree = "<group>";
		};
		5BB85284290089CD008A8609 /* View Models */ = {
			isa = PBXGroup;
			children = (
				5BB85287290089F8008A8609 /* EmployeeSingleJourneyViewModel.swift */,
				5B954E88290311A400FA579E /* EmployeeEventsCalendarViewModel.swift */,
			);
			path = "View Models";
			sourceTree = "<group>";
		};
		5BD68492291D701500090481 /* Profile */ = {
			isa = PBXGroup;
			children = (
				5BD68494291D702300090481 /* View Models */,
				5BD68493291D701D00090481 /* Views */,
			);
			path = Profile;
			sourceTree = "<group>";
		};
		5BD68493291D701D00090481 /* Views */ = {
			isa = PBXGroup;
			children = (
				5BD68495291D703500090481 /* ProfileView.swift */,
				5BAC4A8C2922CA52007722A3 /* EditingFormView.swift */,
				5BAC4A8E2922CA6B007722A3 /* DisplayFormView.swift */,
			);
			path = Views;
			sourceTree = "<group>";
		};
		5BD68494291D702300090481 /* View Models */ = {
			isa = PBXGroup;
			children = (
			);
			path = "View Models";
			sourceTree = "<group>";
		};
		5BD8982128FDDDD20015EEDB /* View Models */ = {
			isa = PBXGroup;
			children = (
				5BD8982228FDDDE70015EEDB /* WorkspaceViewModel.swift */,
			);
			path = "View Models";
			sourceTree = "<group>";
		};
		5BD8982628FE33620015EEDB /* Components */ = {
			isa = PBXGroup;
			children = (
				5BD8982728FE33730015EEDB /* WorkspaceButton.swift */,
				5BD8982928FE33930015EEDB /* WorkspaceCardModifier.swift */,
			);
			path = Components;
			sourceTree = "<group>";
		};
		5BDAB8CA28E4D5F2009BC353 /* CreateOrEditJourney */ = {
			isa = PBXGroup;
			children = (
				5BDAB8CC28E4D601009BC353 /* View Models */,
				5BDAB8CB28E4D5FD009BC353 /* Views */,
			);
			path = CreateOrEditJourney;
			sourceTree = "<group>";
		};
		5BDAB8CB28E4D5FD009BC353 /* Views */ = {
			isa = PBXGroup;
			children = (
				5BF73BD928DB954E00B74060 /* CreateOrEditJourneyView.swift */,
			);
			path = Views;
			sourceTree = "<group>";
		};
		5BDAB8CC28E4D601009BC353 /* View Models */ = {
			isa = PBXGroup;
			children = (
				5BF73BDB28DB960900B74060 /* CreateOrEditJourneyViewModel.swift */,
			);
			path = "View Models";
			sourceTree = "<group>";
		};
/* End PBXGroup section */

/* Begin PBXNativeTarget section */
		5BACC62528CFB855006975D3 /* Collie */ = {
			isa = PBXNativeTarget;
			buildConfigurationList = 5BACC63528CFB856006975D3 /* Build configuration list for PBXNativeTarget "Collie" */;
			buildPhases = (
				5BACC62228CFB855006975D3 /* Sources */,
				5BACC62328CFB855006975D3 /* Frameworks */,
				5BACC62428CFB855006975D3 /* Resources */,
			);
			buildRules = (
			);
			dependencies = (
			);
			name = Collie;
			packageProductDependencies = (
				5B5F9CFA28F09C0E005739C2 /* FirebaseAuth */,
				5B2D009E28F9E71200131FFF /* Alamofire */,
			);
			productName = Collie;
			productReference = 5BACC62628CFB855006975D3 /* Collie.app */;
			productType = "com.apple.product-type.application";
		};
/* End PBXNativeTarget section */

/* Begin PBXProject section */
		5BACC61E28CFB855006975D3 /* Project object */ = {
			isa = PBXProject;
			attributes = {
				BuildIndependentTargetsInParallel = 1;
				LastSwiftUpdateCheck = 1340;
				LastUpgradeCheck = 1340;
				TargetAttributes = {
					5BACC62528CFB855006975D3 = {
						CreatedOnToolsVersion = 13.4.1;
					};
				};
			};
			buildConfigurationList = 5BACC62128CFB855006975D3 /* Build configuration list for PBXProject "Collie" */;
			compatibilityVersion = "Xcode 13.0";
			developmentRegion = en;
			hasScannedForEncodings = 0;
			knownRegions = (
				en,
				Base,
			);
			mainGroup = 5BACC61D28CFB855006975D3;
			packageReferences = (
				5B5F9CF928F09C0E005739C2 /* XCRemoteSwiftPackageReference "firebase-ios-sdk" */,
				5B2D009D28F9E71100131FFF /* XCRemoteSwiftPackageReference "Alamofire" */,
			);
			productRefGroup = 5BACC62728CFB855006975D3 /* Products */;
			projectDirPath = "";
			projectRoot = "";
			targets = (
				5BACC62528CFB855006975D3 /* Collie */,
			);
		};
/* End PBXProject section */

/* Begin PBXResourcesBuildPhase section */
		5BACC62428CFB855006975D3 /* Resources */ = {
			isa = PBXResourcesBuildPhase;
			buildActionMask = 2147483647;
			files = (
				5BACC63128CFB856006975D3 /* Preview Assets.xcassets in Resources */,
				5BACC62E28CFB856006975D3 /* Assets.xcassets in Resources */,
				5B5F9CF828F09AB8005739C2 /* GoogleService-Info.plist in Resources */,
			);
			runOnlyForDeploymentPostprocessing = 0;
		};
/* End PBXResourcesBuildPhase section */

/* Begin PBXSourcesBuildPhase section */
		5BACC62228CFB855006975D3 /* Sources */ = {
			isa = PBXSourcesBuildPhase;
			buildActionMask = 2147483647;
			files = (
				5B1BAD4D2901C34500EFF0E4 /* User_BusinessDTO.swift in Sources */,
				5BF6693928E23A4D001B0A1D /* UserIconView.swift in Sources */,
				5BB2FC7F28F9F672003EE3F9 /* EmployeeSidebarView.swift in Sources */,
				5B954E872903118500FA579E /* EmployeeEventsCalendarView.swift in Sources */,
				5B954E8B290319A700FA579E /* EmployeeCalendarCell.swift in Sources */,
				5B495FF728E62DB60024D064 /* BusinessSingleJourneyViewModel.swift in Sources */,
				5BB85288290089F8008A8609 /* EmployeeSingleJourneyViewModel.swift in Sources */,
				5B2B46B828EE168200FC3BE9 /* AuthenticationViewModel.swift in Sources */,
				5BACC66C28D26127006975D3 /* Journey.swift in Sources */,
				5B49605228EF520D0024D064 /* BusinessEventsCalendarViewModel.swift in Sources */,
				5B345DBC290C4D5300978141 /* BusinessUser.swift in Sources */,
				5B954E8D290319B700FA579E /* EmployeeDateScrollerView.swift in Sources */,
				5B49600628E778360024D064 /* UserSelectionDropdown.swift in Sources */,
				5B37551329170BDA00D92D15 /* SettingsUserCell.swift in Sources */,
				5B2B46A228E22B0900FC3BE9 /* NewUserFormsView.swift in Sources */,
				5BA9AFE0290B182900C1078A /* HelpButton.swift in Sources */,
				5BF73BD828DB80F500B74060 /* TeamListViewModel.swift in Sources */,
				5B0DC40E291D52E700CFD82A /* TextExtension.swift in Sources */,
				5B49604528ECBFA10024D064 /* CreateOrEditEventViewModel.swift in Sources */,
				5BACC67128D2634D006975D3 /* BusinessJourneyListViewModel.swift in Sources */,
				5BF6693728E23779001B0A1D /* ChosenUserCellView.swift in Sources */,
				5BAC4A8D2922CA52007722A3 /* EditingFormView.swift in Sources */,
				5BF6693528E23678001B0A1D /* UserCellView.swift in Sources */,
				5B1BAD4028FF37C700EFF0E4 /* RootView.swift in Sources */,
				5BACC64E28CFC23D006975D3 /* BusinessSidebarView.swift in Sources */,
				5BF73BCA28DA3CDC00B74060 /* Business.swift in Sources */,
				5BF73BCC28DA3CE700B74060 /* UserModel.swift in Sources */,
				5B2B46AA28EB72DC00FC3BE9 /* AuthenticationService.swift in Sources */,
				5BACC65028CFC25F006975D3 /* BusinessSidebarViewModel.swift in Sources */,
				5B49604728ECC50B0024D064 /* SimpleTextField.swift in Sources */,
				5B49605A28EF58F90024D064 /* BusinessCalendarCell.swift in Sources */,
				5B954E922906C0A700FA579E /* DemoView.swift in Sources */,
				5B2B46BA28EE18B000FC3BE9 /* CustomTextField.swift in Sources */,
				5BB85281290088E5008A8609 /* EmployeeJourneyListViewModel.swift in Sources */,
				5BF73BD228DA3D8C00B74060 /* Task.swift in Sources */,
				5BD8982A28FE33930015EEDB /* WorkspaceCardModifier.swift in Sources */,
				5B1BAD4A2901C1D900EFF0E4 /* BusinessSubscriptionService.swift in Sources */,
				5B1BAD512901CEC800EFF0E4 /* BusinessDTO.swift in Sources */,
				5BF73BDC28DB960900B74060 /* CreateOrEditJourneyViewModel.swift in Sources */,
				5BACC62C28CFB855006975D3 /* DashboardView.swift in Sources */,
				5B49603128EB63AB0024D064 /* BusinessTaskView.swift in Sources */,
				5B49605828EF535F0024D064 /* CalendarHelper.swift in Sources */,
				5B495FFA28E75CE60024D064 /* TitleTextField.swift in Sources */,
				5B49604B28ECC9B10024D064 /* DateExtension.swift in Sources */,
				5B954E832901C6D700FA579E /* CheckBoxView.swift in Sources */,
				5B1BAD4328FF37E700EFF0E4 /* RootViewModel.swift in Sources */,
				5B0DC413291D5FBD00CFD82A /* CreateOrEditCategoryView.swift in Sources */,
				5B49605D28EF5A0E0024D064 /* MonthStruct.swift in Sources */,
				5B50425E29194C29001E39A2 /* HelpView.swift in Sources */,
				5B49604328ECBF930024D064 /* CreateOrEditEventView.swift in Sources */,
				5B2B46B428EE05F000FC3BE9 /* SignupView.swift in Sources */,
				5BACC65328CFC2BE006975D3 /* BusinessJourneyListView.swift in Sources */,
				5BBBA4FB2914428D00D9949E /* TeamListDTO.swift in Sources */,
				5BD8982828FE33730015EEDB /* WorkspaceButton.swift in Sources */,
				5BB8527A28FF21A5008A8609 /* LoadingBusinessCard.swift in Sources */,
				5B0F666728DCE44C0057BA32 /* DatabaseSubscriptionService.swift in Sources */,
				5B954E812901C38D00FA579E /* UserTask.swift in Sources */,
				5BF73BD428DA3D9700B74060 /* TaskCategory.swift in Sources */,
				5BB85286290089E3008A8609 /* EmployeeSingleJourneyView.swift in Sources */,
				5B482BBE291C3C4B00ACB9C0 /* BusinessUserSubscriptionService.swift in Sources */,
				5B954E7D2901C2C700FA579E /* EmployeeEventView.swift in Sources */,
				5B5DD5AA28F497F900B2FF0F /* CustomBorderModifier.swift in Sources */,
				5BACC66A28D2610F006975D3 /* BusinessSingleJourneyView.swift in Sources */,
				5BACC66A28D2610F006975D3 /* BusinessSingleJourneyView.swift in Sources */,
				5B4E3138291594550031F74F /* OnbardingStorageService.swift in Sources */,
				5B49600028E75F810024D064 /* SendButton.swift in Sources */,
				5BDAB8C928E4BD13009BC353 /* FilePicker.swift in Sources */,
				5B495FFE28E75EDD0024D064 /* IconButton.swift in Sources */,
				5BACC65928CFC6D3006975D3 /* SidebarItemView.swift in Sources */,
				5B954E852901CAB800FA579E /* EmployeeTaskView.swift in Sources */,
				5B2B46A428E22C4300FC3BE9 /* ProgressBarView.swift in Sources */,
				5BACC65B28D16FE5006975D3 /* SidebarItem.swift in Sources */,
				5BD68496291D703500090481 /* ProfileView.swift in Sources */,
				5B2B46A828E6233200FC3BE9 /* APISubscriptionService.swift in Sources */,
				5BF73BDA28DB954E00B74060 /* CreateOrEditJourneyView.swift in Sources */,
				5BA9AFE2290C5D6B00C1078A /* EmployeeTaskFullView.swift in Sources */,
				5B49605028EF51BC0024D064 /* BusinessEventsCalendarView.swift in Sources */,
				5BAC4A8F2922CA6B007722A3 /* DisplayFormView.swift in Sources */,
				5B2F9E3928F4C36F00AC1B87 /* ResetPasswordView.swift in Sources */,
				5BF73BDA28DB954E00B74060 /* CreateOrEditJourneyView.swift in Sources */,
				5BD8982528FDE9670015EEDB /* BusinessCard.swift in Sources */,
				5BACC65628CFC37E006975D3 /* CustomColors.swift in Sources */,
				5BACC66528D24413006975D3 /* TeamListView.swift in Sources */,
				5B495FF528E622F30024D064 /* CreateOrEditTaskViewModel.swift in Sources */,
				5B954E89290311A400FA579E /* EmployeeEventsCalendarViewModel.swift in Sources */,
				5B3755152917158D00D92D15 /* RoleSelectionPicker.swift in Sources */,
				5B495FFC28E75E450024D064 /* CloseButton.swift in Sources */,
				5BACC62A28CFB855006975D3 /* CollieApp.swift in Sources */,
				5BD68491291ADEE000090481 /* BusinessKey.swift in Sources */,
				5B2B46B628EE159200FC3BE9 /* LoginView.swift in Sources */,
				5B0DC417291E5EC800CFD82A /* BusinessUserRoles.swift in Sources */,
				5B4E31432916D9FD0031F74F /* SettingsOptionView.swift in Sources */,
				5B1D56E1291EC6B700EB2EB8 /* CategoryCard.swift in Sources */,
				5B2B46B028ECB42000FC3BE9 /* AuthenticationView.swift in Sources */,
				5BF73BD628DA3FDD00B74060 /* Event.swift in Sources */,
				5B4E312A29143C8A0031F74F /* OnboardingCardView.swift in Sources */,
				5BD8982328FDDDE70015EEDB /* WorkspaceViewModel.swift in Sources */,
				5B4E313D2915A7750031F74F /* SettingsView.swift in Sources */,
				5BBD8A2B2907122C00DACC6D /* LoadingView.swift in Sources */,
				5BB2FC8228F9F68A003EE3F9 /* EmployeeSidebarViewModel.swift in Sources */,
				5B2B46BC28EF547700FC3BE9 /* CustomSecureView.swift in Sources */,
				5BB8527828FF1FD8008A8609 /* LoadingIndicator.swift in Sources */,
				5BACC66F28D26192006975D3 /* JourneyCard.swift in Sources */,
				5B49600428E76D010024D064 /* TitleWithIconView.swift in Sources */,
				5B4ED92F2911A6BE00FAB9FE /* TeamSubscriptionService.swift in Sources */,
				5B0DC415291D5FC900CFD82A /* CreateOrEditCategoryViewModel.swift in Sources */,
				5B49604928ECC7160024D064 /* BusinessEventView.swift in Sources */,
				5B4E312729143B590031F74F /* OnboardingFinishedView.swift in Sources */,
				5B495FF328E622E40024D064 /* CreateOrEditTaskView.swift in Sources */,
				5BA9AFEC291199F000C1078A /* OnboardingViewModel.swift in Sources */,
				5B49605528EF52810024D064 /* BusinessDateScrollerView.swift in Sources */,
				5BB8527F290088D5008A8609 /* EmployeeJourneyListView.swift in Sources */,
				5B1BAD482901C10100EFF0E4 /* UserSubscriptionService.swift in Sources */,
				5BA9AFEA291199E300C1078A /* OnboardingView.swift in Sources */,
				5B49605528EF52810024D064 /* BusinessDateScrollerView.swift in Sources */,
				5B49603328EB74B10024D064 /* CategorySelectionDropdown.swift in Sources */,
				5B49600228E761230024D064 /* MultiLineTextField.swift in Sources */,
				5B2B46B228EDFFF100FC3BE9 /* CheckboxStyle.swift in Sources */,
				5BF73BDE28DB9BB900B74060 /* TextFieldPlaceholder.swift in Sources */,
				5B132A9D291D2F5000C82A09 /* EmployeeEventFullView.swift in Sources */,
				5B4E313629158E2C0031F74F /* UserDefaultService.swift in Sources */,
				5B2D009C28F87CEF00131FFF /* WorkspaceView.swift in Sources */,
				5B4E31402915A78B0031F74F /* SettingsViewModel.swift in Sources */,
			);
			runOnlyForDeploymentPostprocessing = 0;
		};
/* End PBXSourcesBuildPhase section */

/* Begin XCBuildConfiguration section */
		5BACC63328CFB856006975D3 /* Debug */ = {
			isa = XCBuildConfiguration;
			buildSettings = {
				ALWAYS_SEARCH_USER_PATHS = NO;
				CLANG_ANALYZER_NONNULL = YES;
				CLANG_ANALYZER_NUMBER_OBJECT_CONVERSION = YES_AGGRESSIVE;
				CLANG_CXX_LANGUAGE_STANDARD = "gnu++17";
				CLANG_ENABLE_MODULES = YES;
				CLANG_ENABLE_OBJC_ARC = YES;
				CLANG_ENABLE_OBJC_WEAK = YES;
				CLANG_WARN_BLOCK_CAPTURE_AUTORELEASING = YES;
				CLANG_WARN_BOOL_CONVERSION = YES;
				CLANG_WARN_COMMA = YES;
				CLANG_WARN_CONSTANT_CONVERSION = YES;
				CLANG_WARN_DEPRECATED_OBJC_IMPLEMENTATIONS = YES;
				CLANG_WARN_DIRECT_OBJC_ISA_USAGE = YES_ERROR;
				CLANG_WARN_DOCUMENTATION_COMMENTS = YES;
				CLANG_WARN_EMPTY_BODY = YES;
				CLANG_WARN_ENUM_CONVERSION = YES;
				CLANG_WARN_INFINITE_RECURSION = YES;
				CLANG_WARN_INT_CONVERSION = YES;
				CLANG_WARN_NON_LITERAL_NULL_CONVERSION = YES;
				CLANG_WARN_OBJC_IMPLICIT_RETAIN_SELF = YES;
				CLANG_WARN_OBJC_LITERAL_CONVERSION = YES;
				CLANG_WARN_OBJC_ROOT_CLASS = YES_ERROR;
				CLANG_WARN_QUOTED_INCLUDE_IN_FRAMEWORK_HEADER = YES;
				CLANG_WARN_RANGE_LOOP_ANALYSIS = YES;
				CLANG_WARN_STRICT_PROTOTYPES = YES;
				CLANG_WARN_SUSPICIOUS_MOVE = YES;
				CLANG_WARN_UNGUARDED_AVAILABILITY = YES_AGGRESSIVE;
				CLANG_WARN_UNREACHABLE_CODE = YES;
				CLANG_WARN__DUPLICATE_METHOD_MATCH = YES;
				COPY_PHASE_STRIP = NO;
				DEBUG_INFORMATION_FORMAT = dwarf;
				ENABLE_STRICT_OBJC_MSGSEND = YES;
				ENABLE_TESTABILITY = YES;
				GCC_C_LANGUAGE_STANDARD = gnu11;
				GCC_DYNAMIC_NO_PIC = NO;
				GCC_NO_COMMON_BLOCKS = YES;
				GCC_OPTIMIZATION_LEVEL = 0;
				GCC_PREPROCESSOR_DEFINITIONS = (
					"DEBUG=1",
					"$(inherited)",
				);
				GCC_WARN_64_TO_32_BIT_CONVERSION = YES;
				GCC_WARN_ABOUT_RETURN_TYPE = YES_ERROR;
				GCC_WARN_UNDECLARED_SELECTOR = YES;
				GCC_WARN_UNINITIALIZED_AUTOS = YES_AGGRESSIVE;
				GCC_WARN_UNUSED_FUNCTION = YES;
				GCC_WARN_UNUSED_VARIABLE = YES;
				MACOSX_DEPLOYMENT_TARGET = 12.3;
				MTL_ENABLE_DEBUG_INFO = INCLUDE_SOURCE;
				MTL_FAST_MATH = YES;
				ONLY_ACTIVE_ARCH = YES;
				SDKROOT = macosx;
				SWIFT_ACTIVE_COMPILATION_CONDITIONS = DEBUG;
				SWIFT_OPTIMIZATION_LEVEL = "-Onone";
			};
			name = Debug;
		};
		5BACC63428CFB856006975D3 /* Release */ = {
			isa = XCBuildConfiguration;
			buildSettings = {
				ALWAYS_SEARCH_USER_PATHS = NO;
				CLANG_ANALYZER_NONNULL = YES;
				CLANG_ANALYZER_NUMBER_OBJECT_CONVERSION = YES_AGGRESSIVE;
				CLANG_CXX_LANGUAGE_STANDARD = "gnu++17";
				CLANG_ENABLE_MODULES = YES;
				CLANG_ENABLE_OBJC_ARC = YES;
				CLANG_ENABLE_OBJC_WEAK = YES;
				CLANG_WARN_BLOCK_CAPTURE_AUTORELEASING = YES;
				CLANG_WARN_BOOL_CONVERSION = YES;
				CLANG_WARN_COMMA = YES;
				CLANG_WARN_CONSTANT_CONVERSION = YES;
				CLANG_WARN_DEPRECATED_OBJC_IMPLEMENTATIONS = YES;
				CLANG_WARN_DIRECT_OBJC_ISA_USAGE = YES_ERROR;
				CLANG_WARN_DOCUMENTATION_COMMENTS = YES;
				CLANG_WARN_EMPTY_BODY = YES;
				CLANG_WARN_ENUM_CONVERSION = YES;
				CLANG_WARN_INFINITE_RECURSION = YES;
				CLANG_WARN_INT_CONVERSION = YES;
				CLANG_WARN_NON_LITERAL_NULL_CONVERSION = YES;
				CLANG_WARN_OBJC_IMPLICIT_RETAIN_SELF = YES;
				CLANG_WARN_OBJC_LITERAL_CONVERSION = YES;
				CLANG_WARN_OBJC_ROOT_CLASS = YES_ERROR;
				CLANG_WARN_QUOTED_INCLUDE_IN_FRAMEWORK_HEADER = YES;
				CLANG_WARN_RANGE_LOOP_ANALYSIS = YES;
				CLANG_WARN_STRICT_PROTOTYPES = YES;
				CLANG_WARN_SUSPICIOUS_MOVE = YES;
				CLANG_WARN_UNGUARDED_AVAILABILITY = YES_AGGRESSIVE;
				CLANG_WARN_UNREACHABLE_CODE = YES;
				CLANG_WARN__DUPLICATE_METHOD_MATCH = YES;
				COPY_PHASE_STRIP = NO;
				DEBUG_INFORMATION_FORMAT = "dwarf-with-dsym";
				ENABLE_NS_ASSERTIONS = NO;
				ENABLE_STRICT_OBJC_MSGSEND = YES;
				GCC_C_LANGUAGE_STANDARD = gnu11;
				GCC_NO_COMMON_BLOCKS = YES;
				GCC_WARN_64_TO_32_BIT_CONVERSION = YES;
				GCC_WARN_ABOUT_RETURN_TYPE = YES_ERROR;
				GCC_WARN_UNDECLARED_SELECTOR = YES;
				GCC_WARN_UNINITIALIZED_AUTOS = YES_AGGRESSIVE;
				GCC_WARN_UNUSED_FUNCTION = YES;
				GCC_WARN_UNUSED_VARIABLE = YES;
				MACOSX_DEPLOYMENT_TARGET = 12.3;
				MTL_ENABLE_DEBUG_INFO = NO;
				MTL_FAST_MATH = YES;
				SDKROOT = macosx;
				SWIFT_COMPILATION_MODE = wholemodule;
				SWIFT_OPTIMIZATION_LEVEL = "-O";
			};
			name = Release;
		};
		5BACC63628CFB856006975D3 /* Debug */ = {
			isa = XCBuildConfiguration;
			buildSettings = {
				ASSETCATALOG_COMPILER_APPICON_NAME = AppIcon;
				ASSETCATALOG_COMPILER_GLOBAL_ACCENT_COLOR_NAME = AccentColor;
				CODE_SIGN_ENTITLEMENTS = Collie/Collie.entitlements;
				CODE_SIGN_IDENTITY = "Apple Development: Pablo Enrique Harbar Penas (F5TH3S43VV)";
				CODE_SIGN_STYLE = Manual;
				COMBINE_HIDPI_IMAGES = YES;
				CURRENT_PROJECT_VERSION = 1;
				DEVELOPMENT_ASSET_PATHS = "\"Collie/Preview Content\"";
				DEVELOPMENT_TEAM = P9DY7C7A5F;
				"DEVELOPMENT_TEAM[sdk=macosx*]" = P9DY7C7A5F;
				ENABLE_PREVIEWS = YES;
				GENERATE_INFOPLIST_FILE = YES;
				INFOPLIST_KEY_CFBundleDisplayName = Collie;
				INFOPLIST_KEY_LSApplicationCategoryType = "public.app-category.business";
				INFOPLIST_KEY_NSHumanReadableCopyright = "";
				LD_RUNPATH_SEARCH_PATHS = (
					"$(inherited)",
					"@executable_path/../Frameworks",
				);
				MARKETING_VERSION = 1.0;
				PRODUCT_BUNDLE_IDENTIFIER = com.collie.work;
				PRODUCT_NAME = "$(TARGET_NAME)";
				PROVISIONING_PROFILE_SPECIFIER = "Profile Collie Pablo";
				"PROVISIONING_PROFILE_SPECIFIER[sdk=macosx*]" = "Profile Collie Pablo";
				SWIFT_EMIT_LOC_STRINGS = YES;
				SWIFT_VERSION = 5.0;
			};
			name = Debug;
		};
		5BACC63728CFB856006975D3 /* Release */ = {
			isa = XCBuildConfiguration;
			buildSettings = {
				ASSETCATALOG_COMPILER_APPICON_NAME = AppIcon;
				ASSETCATALOG_COMPILER_GLOBAL_ACCENT_COLOR_NAME = AccentColor;
				CODE_SIGN_ENTITLEMENTS = Collie/Collie.entitlements;
				CODE_SIGN_IDENTITY = "Apple Development: Pablo Enrique Harbar Penas (F5TH3S43VV)";
				CODE_SIGN_STYLE = Manual;
				COMBINE_HIDPI_IMAGES = YES;
				CURRENT_PROJECT_VERSION = 1;
				DEVELOPMENT_ASSET_PATHS = "\"Collie/Preview Content\"";
				DEVELOPMENT_TEAM = "";
				"DEVELOPMENT_TEAM[sdk=macosx*]" = P9DY7C7A5F;
				ENABLE_PREVIEWS = YES;
				GENERATE_INFOPLIST_FILE = YES;
				INFOPLIST_KEY_CFBundleDisplayName = Collie;
				INFOPLIST_KEY_LSApplicationCategoryType = "public.app-category.business";
				INFOPLIST_KEY_NSHumanReadableCopyright = "";
				LD_RUNPATH_SEARCH_PATHS = (
					"$(inherited)",
					"@executable_path/../Frameworks",
				);
				MARKETING_VERSION = 1.0;
				PRODUCT_BUNDLE_IDENTIFIER = com.collie.work;
				PRODUCT_NAME = "$(TARGET_NAME)";
				PROVISIONING_PROFILE_SPECIFIER = "Profile Collie Pablo";
				"PROVISIONING_PROFILE_SPECIFIER[sdk=macosx*]" = "Profile Collie Pablo";
				SWIFT_EMIT_LOC_STRINGS = YES;
				SWIFT_VERSION = 5.0;
			};
			name = Release;
		};
/* End XCBuildConfiguration section */

/* Begin XCConfigurationList section */
		5BACC62128CFB855006975D3 /* Build configuration list for PBXProject "Collie" */ = {
			isa = XCConfigurationList;
			buildConfigurations = (
				5BACC63328CFB856006975D3 /* Debug */,
				5BACC63428CFB856006975D3 /* Release */,
			);
			defaultConfigurationIsVisible = 0;
			defaultConfigurationName = Release;
		};
		5BACC63528CFB856006975D3 /* Build configuration list for PBXNativeTarget "Collie" */ = {
			isa = XCConfigurationList;
			buildConfigurations = (
				5BACC63628CFB856006975D3 /* Debug */,
				5BACC63728CFB856006975D3 /* Release */,
			);
			defaultConfigurationIsVisible = 0;
			defaultConfigurationName = Release;
		};
/* End XCConfigurationList section */

/* Begin XCRemoteSwiftPackageReference section */
		5B2D009D28F9E71100131FFF /* XCRemoteSwiftPackageReference "Alamofire" */ = {
			isa = XCRemoteSwiftPackageReference;
			repositoryURL = "https://github.com/Alamofire/Alamofire.git";
			requirement = {
				kind = upToNextMajorVersion;
				minimumVersion = 5.0.0;
			};
		};
		5B5F9CF928F09C0E005739C2 /* XCRemoteSwiftPackageReference "firebase-ios-sdk" */ = {
			isa = XCRemoteSwiftPackageReference;
			repositoryURL = "https://github.com/firebase/firebase-ios-sdk";
			requirement = {
				kind = upToNextMajorVersion;
				minimumVersion = 9.0.0;
			};
		};
/* End XCRemoteSwiftPackageReference section */

/* Begin XCSwiftPackageProductDependency section */
		5B2D009E28F9E71200131FFF /* Alamofire */ = {
			isa = XCSwiftPackageProductDependency;
			package = 5B2D009D28F9E71100131FFF /* XCRemoteSwiftPackageReference "Alamofire" */;
			productName = Alamofire;
		};
		5B5F9CFA28F09C0E005739C2 /* FirebaseAuth */ = {
			isa = XCSwiftPackageProductDependency;
			package = 5B5F9CF928F09C0E005739C2 /* XCRemoteSwiftPackageReference "firebase-ios-sdk" */;
			productName = FirebaseAuth;
		};
/* End XCSwiftPackageProductDependency section */
	};
	rootObject = 5BACC61E28CFB855006975D3 /* Project object */;
}
