// !$*UTF8*$!
{
	archiveVersion = 1;
	classes = {
	};
	objectVersion = 55;
	objects = {

/* Begin PBXBuildFile section */
		5B0F665C28D26CFC0057BA32 /* Test_JourneyView.swift in Sources */ = {isa = PBXBuildFile; fileRef = 5B0F665B28D26CFC0057BA32 /* Test_JourneyView.swift */; };
		5B0F665E28D26E9D0057BA32 /* Test_JourneyViewModel.swift in Sources */ = {isa = PBXBuildFile; fileRef = 5B0F665D28D26E9D0057BA32 /* Test_JourneyViewModel.swift */; };
		5B0F666128DA37750057BA32 /* JourneyModel.swift in Sources */ = {isa = PBXBuildFile; fileRef = 5B0F666028DA37750057BA32 /* JourneyModel.swift */; };
		5B0F666328DA4A7A0057BA32 /* JourneyDTO.swift in Sources */ = {isa = PBXBuildFile; fileRef = 5B0F666228DA4A7A0057BA32 /* JourneyDTO.swift */; };
		5B0F666728DCE44C0057BA32 /* DatabaseSubscriptionService.swift in Sources */ = {isa = PBXBuildFile; fileRef = 5B0F666628DCE44C0057BA32 /* DatabaseSubscriptionService.swift */; };
		5B2B46A228E22B0900FC3BE9 /* NewUserFormsView.swift in Sources */ = {isa = PBXBuildFile; fileRef = 5B2B46A128E22B0900FC3BE9 /* NewUserFormsView.swift */; };
		5B2B46A428E22C4300FC3BE9 /* ProgressBarView.swift in Sources */ = {isa = PBXBuildFile; fileRef = 5B2B46A328E22C4300FC3BE9 /* ProgressBarView.swift */; };
		5B2B46A828E6233200FC3BE9 /* APISubscriptionService.swift in Sources */ = {isa = PBXBuildFile; fileRef = 5B2B46A728E6233200FC3BE9 /* APISubscriptionService.swift */; };
		5B2B46AA28EB72DC00FC3BE9 /* AuthenticationService.swift in Sources */ = {isa = PBXBuildFile; fileRef = 5B2B46A928EB72DC00FC3BE9 /* AuthenticationService.swift */; };
		5B2B46B028ECB42000FC3BE9 /* AuthenticationView.swift in Sources */ = {isa = PBXBuildFile; fileRef = 5B2B46AF28ECB42000FC3BE9 /* AuthenticationView.swift */; };
		5B2B46B228EDFFF100FC3BE9 /* CheckboxStyle.swift in Sources */ = {isa = PBXBuildFile; fileRef = 5B2B46B128EDFFF100FC3BE9 /* CheckboxStyle.swift */; };
		5B2B46B428EE05F000FC3BE9 /* SignupView.swift in Sources */ = {isa = PBXBuildFile; fileRef = 5B2B46B328EE05F000FC3BE9 /* SignupView.swift */; };
		5B2B46B628EE159200FC3BE9 /* LoginView.swift in Sources */ = {isa = PBXBuildFile; fileRef = 5B2B46B528EE159200FC3BE9 /* LoginView.swift */; };
		5B2B46B828EE168200FC3BE9 /* AuthenticationViewModel.swift in Sources */ = {isa = PBXBuildFile; fileRef = 5B2B46B728EE168200FC3BE9 /* AuthenticationViewModel.swift */; };
		5B2B46BA28EE18B000FC3BE9 /* CustomTextField.swift in Sources */ = {isa = PBXBuildFile; fileRef = 5B2B46B928EE18B000FC3BE9 /* CustomTextField.swift */; };
		5B2B46BC28EF547700FC3BE9 /* CustomSecureView.swift in Sources */ = {isa = PBXBuildFile; fileRef = 5B2B46BB28EF547700FC3BE9 /* CustomSecureView.swift */; };
		5BACC62A28CFB855006975D3 /* CollieApp.swift in Sources */ = {isa = PBXBuildFile; fileRef = 5BACC62928CFB855006975D3 /* CollieApp.swift */; };
		5BACC62C28CFB855006975D3 /* DashboardView.swift in Sources */ = {isa = PBXBuildFile; fileRef = 5BACC62B28CFB855006975D3 /* DashboardView.swift */; };
		5BACC62E28CFB856006975D3 /* Assets.xcassets in Resources */ = {isa = PBXBuildFile; fileRef = 5BACC62D28CFB856006975D3 /* Assets.xcassets */; };
		5BACC63128CFB856006975D3 /* Preview Assets.xcassets in Resources */ = {isa = PBXBuildFile; fileRef = 5BACC63028CFB856006975D3 /* Preview Assets.xcassets */; };
		5BACC64E28CFC23D006975D3 /* BusinessManagerSidebarView.swift in Sources */ = {isa = PBXBuildFile; fileRef = 5BACC64D28CFC23D006975D3 /* BusinessManagerSidebarView.swift */; };
		5BACC65028CFC25F006975D3 /* BusinessManagerSidebarViewModel.swift in Sources */ = {isa = PBXBuildFile; fileRef = 5BACC64F28CFC25F006975D3 /* BusinessManagerSidebarViewModel.swift */; };
		5BACC65328CFC2BE006975D3 /* JourneyListView.swift in Sources */ = {isa = PBXBuildFile; fileRef = 5BACC65228CFC2BE006975D3 /* JourneyListView.swift */; };
		5BACC65628CFC37E006975D3 /* CustomColors.swift in Sources */ = {isa = PBXBuildFile; fileRef = 5BACC65528CFC37E006975D3 /* CustomColors.swift */; };
		5BACC65928CFC6D3006975D3 /* SidebarItemView.swift in Sources */ = {isa = PBXBuildFile; fileRef = 5BACC65828CFC6D3006975D3 /* SidebarItemView.swift */; };
		5BACC65B28D16FE5006975D3 /* SidebarItem.swift in Sources */ = {isa = PBXBuildFile; fileRef = 5BACC65A28D16FE5006975D3 /* SidebarItem.swift */; };
		5BACC66028D243AB006975D3 /* PaymentsView.swift in Sources */ = {isa = PBXBuildFile; fileRef = 5BACC65F28D243AB006975D3 /* PaymentsView.swift */; };
		5BACC66528D24413006975D3 /* TeamListView.swift in Sources */ = {isa = PBXBuildFile; fileRef = 5BACC66428D24413006975D3 /* TeamListView.swift */; };
		5BACC66A28D2610F006975D3 /* SingleJourneyView.swift in Sources */ = {isa = PBXBuildFile; fileRef = 5BACC66928D2610F006975D3 /* SingleJourneyView.swift */; };
		5BACC66C28D26127006975D3 /* Journey.swift in Sources */ = {isa = PBXBuildFile; fileRef = 5BACC66B28D26127006975D3 /* Journey.swift */; };
		5BACC66F28D26192006975D3 /* JourneyCard.swift in Sources */ = {isa = PBXBuildFile; fileRef = 5BACC66E28D26192006975D3 /* JourneyCard.swift */; };
		5BACC67128D2634D006975D3 /* JourneyListViewModel.swift in Sources */ = {isa = PBXBuildFile; fileRef = 5BACC67028D2634D006975D3 /* JourneyListViewModel.swift */; };
		5BF73BCA28DA3CDC00B74060 /* Business.swift in Sources */ = {isa = PBXBuildFile; fileRef = 5BF73BC928DA3CDC00B74060 /* Business.swift */; };
		5BF73BCC28DA3CE700B74060 /* User.swift in Sources */ = {isa = PBXBuildFile; fileRef = 5BF73BCB28DA3CE700B74060 /* User.swift */; };
		5BF73BD228DA3D8C00B74060 /* Task.swift in Sources */ = {isa = PBXBuildFile; fileRef = 5BF73BD128DA3D8C00B74060 /* Task.swift */; };
		5BF73BD428DA3D9700B74060 /* TaskCategory.swift in Sources */ = {isa = PBXBuildFile; fileRef = 5BF73BD328DA3D9700B74060 /* TaskCategory.swift */; };
		5BF73BD628DA3FDD00B74060 /* Event.swift in Sources */ = {isa = PBXBuildFile; fileRef = 5BF73BD528DA3FDD00B74060 /* Event.swift */; };
		5BF73BD828DB80F500B74060 /* TeamListViewModel.swift in Sources */ = {isa = PBXBuildFile; fileRef = 5BF73BD728DB80F500B74060 /* TeamListViewModel.swift */; };
		5BF73BDA28DB954E00B74060 /* CreateNewJourneyView.swift in Sources */ = {isa = PBXBuildFile; fileRef = 5BF73BD928DB954E00B74060 /* CreateNewJourneyView.swift */; };
		5BF73BDC28DB960900B74060 /* CreateNewJourneyViewModel.swift in Sources */ = {isa = PBXBuildFile; fileRef = 5BF73BDB28DB960900B74060 /* CreateNewJourneyViewModel.swift */; };
		5BF73BDE28DB9BB900B74060 /* TextFieldPlaceholder.swift in Sources */ = {isa = PBXBuildFile; fileRef = 5BF73BDD28DB9BB900B74060 /* TextFieldPlaceholder.swift */; };
/* End PBXBuildFile section */

/* Begin PBXFileReference section */
		5B0F665B28D26CFC0057BA32 /* Test_JourneyView.swift */ = {isa = PBXFileReference; lastKnownFileType = sourcecode.swift; path = Test_JourneyView.swift; sourceTree = "<group>"; };
		5B0F665D28D26E9D0057BA32 /* Test_JourneyViewModel.swift */ = {isa = PBXFileReference; lastKnownFileType = sourcecode.swift; path = Test_JourneyViewModel.swift; sourceTree = "<group>"; };
		5B0F666028DA37750057BA32 /* JourneyModel.swift */ = {isa = PBXFileReference; lastKnownFileType = sourcecode.swift; path = JourneyModel.swift; sourceTree = "<group>"; };
		5B0F666228DA4A7A0057BA32 /* JourneyDTO.swift */ = {isa = PBXFileReference; lastKnownFileType = sourcecode.swift; path = JourneyDTO.swift; sourceTree = "<group>"; };
		5B0F666628DCE44C0057BA32 /* DatabaseSubscriptionService.swift */ = {isa = PBXFileReference; lastKnownFileType = sourcecode.swift; path = DatabaseSubscriptionService.swift; sourceTree = "<group>"; };
		5B2B46A128E22B0900FC3BE9 /* NewUserFormsView.swift */ = {isa = PBXFileReference; lastKnownFileType = sourcecode.swift; path = NewUserFormsView.swift; sourceTree = "<group>"; };
		5B2B46A328E22C4300FC3BE9 /* ProgressBarView.swift */ = {isa = PBXFileReference; lastKnownFileType = sourcecode.swift; path = ProgressBarView.swift; sourceTree = "<group>"; };
		5B2B46A728E6233200FC3BE9 /* APISubscriptionService.swift */ = {isa = PBXFileReference; lastKnownFileType = sourcecode.swift; path = APISubscriptionService.swift; sourceTree = "<group>"; };
		5B2B46A928EB72DC00FC3BE9 /* AuthenticationService.swift */ = {isa = PBXFileReference; lastKnownFileType = sourcecode.swift; path = AuthenticationService.swift; sourceTree = "<group>"; };
		5B2B46AF28ECB42000FC3BE9 /* AuthenticationView.swift */ = {isa = PBXFileReference; lastKnownFileType = sourcecode.swift; path = AuthenticationView.swift; sourceTree = "<group>"; };
		5B2B46B128EDFFF100FC3BE9 /* CheckboxStyle.swift */ = {isa = PBXFileReference; lastKnownFileType = sourcecode.swift; path = CheckboxStyle.swift; sourceTree = "<group>"; };
		5B2B46B328EE05F000FC3BE9 /* SignupView.swift */ = {isa = PBXFileReference; lastKnownFileType = sourcecode.swift; path = SignupView.swift; sourceTree = "<group>"; };
		5B2B46B528EE159200FC3BE9 /* LoginView.swift */ = {isa = PBXFileReference; lastKnownFileType = sourcecode.swift; path = LoginView.swift; sourceTree = "<group>"; };
		5B2B46B728EE168200FC3BE9 /* AuthenticationViewModel.swift */ = {isa = PBXFileReference; lastKnownFileType = sourcecode.swift; path = AuthenticationViewModel.swift; sourceTree = "<group>"; };
		5B2B46B928EE18B000FC3BE9 /* CustomTextField.swift */ = {isa = PBXFileReference; lastKnownFileType = sourcecode.swift; path = CustomTextField.swift; sourceTree = "<group>"; };
		5B2B46BB28EF547700FC3BE9 /* CustomSecureView.swift */ = {isa = PBXFileReference; lastKnownFileType = sourcecode.swift; path = CustomSecureView.swift; sourceTree = "<group>"; };
		5BACC62628CFB855006975D3 /* Collie.app */ = {isa = PBXFileReference; explicitFileType = wrapper.application; includeInIndex = 0; path = Collie.app; sourceTree = BUILT_PRODUCTS_DIR; };
		5BACC62928CFB855006975D3 /* CollieApp.swift */ = {isa = PBXFileReference; lastKnownFileType = sourcecode.swift; path = CollieApp.swift; sourceTree = "<group>"; };
		5BACC62B28CFB855006975D3 /* DashboardView.swift */ = {isa = PBXFileReference; lastKnownFileType = sourcecode.swift; path = DashboardView.swift; sourceTree = "<group>"; };
		5BACC62D28CFB856006975D3 /* Assets.xcassets */ = {isa = PBXFileReference; lastKnownFileType = folder.assetcatalog; path = Assets.xcassets; sourceTree = "<group>"; };
		5BACC63028CFB856006975D3 /* Preview Assets.xcassets */ = {isa = PBXFileReference; lastKnownFileType = folder.assetcatalog; path = "Preview Assets.xcassets"; sourceTree = "<group>"; };
		5BACC63228CFB856006975D3 /* Collie.entitlements */ = {isa = PBXFileReference; lastKnownFileType = text.plist.entitlements; path = Collie.entitlements; sourceTree = "<group>"; };
		5BACC64D28CFC23D006975D3 /* BusinessManagerSidebarView.swift */ = {isa = PBXFileReference; lastKnownFileType = sourcecode.swift; path = BusinessManagerSidebarView.swift; sourceTree = "<group>"; };
		5BACC64F28CFC25F006975D3 /* BusinessManagerSidebarViewModel.swift */ = {isa = PBXFileReference; lastKnownFileType = sourcecode.swift; path = BusinessManagerSidebarViewModel.swift; sourceTree = "<group>"; };
		5BACC65228CFC2BE006975D3 /* JourneyListView.swift */ = {isa = PBXFileReference; lastKnownFileType = sourcecode.swift; path = JourneyListView.swift; sourceTree = "<group>"; };
		5BACC65528CFC37E006975D3 /* CustomColors.swift */ = {isa = PBXFileReference; lastKnownFileType = sourcecode.swift; path = CustomColors.swift; sourceTree = "<group>"; };
		5BACC65828CFC6D3006975D3 /* SidebarItemView.swift */ = {isa = PBXFileReference; lastKnownFileType = sourcecode.swift; path = SidebarItemView.swift; sourceTree = "<group>"; };
		5BACC65A28D16FE5006975D3 /* SidebarItem.swift */ = {isa = PBXFileReference; lastKnownFileType = sourcecode.swift; path = SidebarItem.swift; sourceTree = "<group>"; };
		5BACC65F28D243AB006975D3 /* PaymentsView.swift */ = {isa = PBXFileReference; lastKnownFileType = sourcecode.swift; path = PaymentsView.swift; sourceTree = "<group>"; };
		5BACC66428D24413006975D3 /* TeamListView.swift */ = {isa = PBXFileReference; lastKnownFileType = sourcecode.swift; path = TeamListView.swift; sourceTree = "<group>"; };
		5BACC66928D2610F006975D3 /* SingleJourneyView.swift */ = {isa = PBXFileReference; lastKnownFileType = sourcecode.swift; path = SingleJourneyView.swift; sourceTree = "<group>"; };
		5BACC66B28D26127006975D3 /* Journey.swift */ = {isa = PBXFileReference; lastKnownFileType = sourcecode.swift; path = Journey.swift; sourceTree = "<group>"; };
		5BACC66E28D26192006975D3 /* JourneyCard.swift */ = {isa = PBXFileReference; lastKnownFileType = sourcecode.swift; path = JourneyCard.swift; sourceTree = "<group>"; };
		5BACC67028D2634D006975D3 /* JourneyListViewModel.swift */ = {isa = PBXFileReference; lastKnownFileType = sourcecode.swift; path = JourneyListViewModel.swift; sourceTree = "<group>"; };
		5BF73BC928DA3CDC00B74060 /* Business.swift */ = {isa = PBXFileReference; lastKnownFileType = sourcecode.swift; path = Business.swift; sourceTree = "<group>"; };
		5BF73BCB28DA3CE700B74060 /* User.swift */ = {isa = PBXFileReference; lastKnownFileType = sourcecode.swift; path = User.swift; sourceTree = "<group>"; };
		5BF73BD128DA3D8C00B74060 /* Task.swift */ = {isa = PBXFileReference; lastKnownFileType = sourcecode.swift; path = Task.swift; sourceTree = "<group>"; };
		5BF73BD328DA3D9700B74060 /* TaskCategory.swift */ = {isa = PBXFileReference; lastKnownFileType = sourcecode.swift; path = TaskCategory.swift; sourceTree = "<group>"; };
		5BF73BD528DA3FDD00B74060 /* Event.swift */ = {isa = PBXFileReference; lastKnownFileType = sourcecode.swift; path = Event.swift; sourceTree = "<group>"; };
		5BF73BD728DB80F500B74060 /* TeamListViewModel.swift */ = {isa = PBXFileReference; lastKnownFileType = sourcecode.swift; path = TeamListViewModel.swift; sourceTree = "<group>"; };
		5BF73BD928DB954E00B74060 /* CreateNewJourneyView.swift */ = {isa = PBXFileReference; lastKnownFileType = sourcecode.swift; path = CreateNewJourneyView.swift; sourceTree = "<group>"; };
		5BF73BDB28DB960900B74060 /* CreateNewJourneyViewModel.swift */ = {isa = PBXFileReference; lastKnownFileType = sourcecode.swift; path = CreateNewJourneyViewModel.swift; sourceTree = "<group>"; };
		5BF73BDD28DB9BB900B74060 /* TextFieldPlaceholder.swift */ = {isa = PBXFileReference; lastKnownFileType = sourcecode.swift; path = TextFieldPlaceholder.swift; sourceTree = "<group>"; };
/* End PBXFileReference section */

/* Begin PBXFrameworksBuildPhase section */
		5BACC62328CFB855006975D3 /* Frameworks */ = {
			isa = PBXFrameworksBuildPhase;
			buildActionMask = 2147483647;
			files = (
			);
			runOnlyForDeploymentPostprocessing = 0;
		};
/* End PBXFrameworksBuildPhase section */

/* Begin PBXGroup section */
		5B0F665A28D26CDE0057BA32 /* Backend-test */ = {
			isa = PBXGroup;
			children = (
				5B0F665F28D4FB630057BA32 /* Models */,
				5B0F665B28D26CFC0057BA32 /* Test_JourneyView.swift */,
				5B0F665D28D26E9D0057BA32 /* Test_JourneyViewModel.swift */,
			);
			path = "Backend-test";
			sourceTree = "<group>";
		};
		5B0F665F28D4FB630057BA32 /* Models */ = {
			isa = PBXGroup;
			children = (
				5B0F666028DA37750057BA32 /* JourneyModel.swift */,
				5B0F666228DA4A7A0057BA32 /* JourneyDTO.swift */,
			);
			path = Models;
			sourceTree = "<group>";
		};
		5B0F666428DCE1BC0057BA32 /* Services */ = {
			isa = PBXGroup;
			children = (
				5B0F666528DCE41A0057BA32 /* UseCases */,
			);
			path = Services;
			sourceTree = "<group>";
		};
		5B0F666528DCE41A0057BA32 /* UseCases */ = {
			isa = PBXGroup;
			children = (
				5B0F666628DCE44C0057BA32 /* DatabaseSubscriptionService.swift */,
				5B2B46A728E6233200FC3BE9 /* APISubscriptionService.swift */,
				5B2B46A928EB72DC00FC3BE9 /* AuthenticationService.swift */,
			);
			path = UseCases;
			sourceTree = "<group>";
		};
		5B2B46AB28ECB35100FC3BE9 /* Scenes */ = {
			isa = PBXGroup;
			children = (
				5B2B46AC28ECB3F100FC3BE9 /* Authentication */,
			);
			path = Scenes;
			sourceTree = "<group>";
		};
		5B2B46AC28ECB3F100FC3BE9 /* Authentication */ = {
			isa = PBXGroup;
			children = (
				5B2B46AE28ECB40600FC3BE9 /* View Models */,
				5B2B46AD28ECB3FE00FC3BE9 /* Views */,
			);
			path = Authentication;
			sourceTree = "<group>";
		};
		5B2B46AD28ECB3FE00FC3BE9 /* Views */ = {
			isa = PBXGroup;
			children = (
				5B2B46AF28ECB42000FC3BE9 /* AuthenticationView.swift */,
				5B2B46B328EE05F000FC3BE9 /* SignupView.swift */,
				5B2B46B528EE159200FC3BE9 /* LoginView.swift */,
			);
			path = Views;
			sourceTree = "<group>";
		};
		5B2B46AE28ECB40600FC3BE9 /* View Models */ = {
			isa = PBXGroup;
			children = (
				5B2B46B728EE168200FC3BE9 /* AuthenticationViewModel.swift */,
			);
			path = "View Models";
			sourceTree = "<group>";
		};
		5BACC61D28CFB855006975D3 = {
			isa = PBXGroup;
			children = (
				5BACC62828CFB855006975D3 /* Collie */,
				5BACC62728CFB855006975D3 /* Products */,
			);
			sourceTree = "<group>";
		};
		5BACC62728CFB855006975D3 /* Products */ = {
			isa = PBXGroup;
			children = (
				5BACC62628CFB855006975D3 /* Collie.app */,
			);
			name = Products;
			sourceTree = "<group>";
		};
		5BACC62828CFB855006975D3 /* Collie */ = {
			isa = PBXGroup;
			children = (
				5B0F665A28D26CDE0057BA32 /* Backend-test */,
				5BACC63D28CFC0FA006975D3 /* Shared */,
				5BACC63B28CFC0DE006975D3 /* Employee */,
				5BACC63A28CFC09E006975D3 /* Business Manager */,
				5BACC62D28CFB856006975D3 /* Assets.xcassets */,
				5BACC63228CFB856006975D3 /* Collie.entitlements */,
				5BACC62F28CFB856006975D3 /* Preview Content */,
			);
			path = Collie;
			sourceTree = "<group>";
		};
		5BACC62F28CFB856006975D3 /* Preview Content */ = {
			isa = PBXGroup;
			children = (
				5BACC63028CFB856006975D3 /* Preview Assets.xcassets */,
			);
			path = "Preview Content";
			sourceTree = "<group>";
		};
		5BACC63928CFC083006975D3 /* Scenes */ = {
			isa = PBXGroup;
			children = (
				5BACC64A28CFC21B006975D3 /* Sidebar */,
				5BACC66128D243D5006975D3 /* Team List */,
				5BACC65C28D2438E006975D3 /* Payments */,
				5BACC64228CFC12B006975D3 /* Journey List */,
				5BACC66628D260EF006975D3 /* Single Journey */,
				5BACC63F28CFC118006975D3 /* Dashboard */,
			);
			name = Scenes;
			path = ../Employee/Scenes;
			sourceTree = "<group>";
		};
		5BACC63A28CFC09E006975D3 /* Business Manager */ = {
			isa = PBXGroup;
			children = (
				5BACC63928CFC083006975D3 /* Scenes */,
			);
			path = "Business Manager";
			sourceTree = "<group>";
		};
		5BACC63B28CFC0DE006975D3 /* Employee */ = {
			isa = PBXGroup;
			children = (
				5BACC63C28CFC0F1006975D3 /* Scenes */,
			);
			path = Employee;
			sourceTree = "<group>";
		};
		5BACC63C28CFC0F1006975D3 /* Scenes */ = {
			isa = PBXGroup;
			children = (
			);
			name = Scenes;
			path = "../Business Manager/Scenes";
			sourceTree = "<group>";
		};
		5BACC63D28CFC0FA006975D3 /* Shared */ = {
			isa = PBXGroup;
			children = (
				5B2B46AB28ECB35100FC3BE9 /* Scenes */,
				5B0F666428DCE1BC0057BA32 /* Services */,
				5BACC62928CFB855006975D3 /* CollieApp.swift */,
				5BACC65428CFC36B006975D3 /* Utils */,
				5BACC65128CFC27B006975D3 /* Models */,
			);
			path = Shared;
			sourceTree = "<group>";
		};
		5BACC63F28CFC118006975D3 /* Dashboard */ = {
			isa = PBXGroup;
			children = (
				5BACC64128CFC122006975D3 /* View Models */,
				5BACC64028CFC11E006975D3 /* Views */,
			);
			path = Dashboard;
			sourceTree = "<group>";
		};
		5BACC64028CFC11E006975D3 /* Views */ = {
			isa = PBXGroup;
			children = (
				5BACC62B28CFB855006975D3 /* DashboardView.swift */,
			);
			path = Views;
			sourceTree = "<group>";
		};
		5BACC64128CFC122006975D3 /* View Models */ = {
			isa = PBXGroup;
			children = (
			);
			path = "View Models";
			sourceTree = "<group>";
		};
		5BACC64228CFC12B006975D3 /* Journey List */ = {
			isa = PBXGroup;
			children = (
				5BACC64428CFC137006975D3 /* View Models */,
				5BACC64328CFC132006975D3 /* Views */,
			);
			path = "Journey List";
			sourceTree = "<group>";
		};
		5BACC64328CFC132006975D3 /* Views */ = {
			isa = PBXGroup;
			children = (
				5BACC66D28D26184006975D3 /* Components */,
				5BACC65228CFC2BE006975D3 /* JourneyListView.swift */,
				5BF73BD928DB954E00B74060 /* CreateNewJourneyView.swift */,
			);
			path = Views;
			sourceTree = "<group>";
		};
		5BACC64428CFC137006975D3 /* View Models */ = {
			isa = PBXGroup;
			children = (
				5BACC67028D2634D006975D3 /* JourneyListViewModel.swift */,
				5BF73BDB28DB960900B74060 /* CreateNewJourneyViewModel.swift */,
			);
			path = "View Models";
			sourceTree = "<group>";
		};
		5BACC64A28CFC21B006975D3 /* Sidebar */ = {
			isa = PBXGroup;
			children = (
				5BACC64C28CFC225006975D3 /* View Models */,
				5BACC64B28CFC220006975D3 /* Views */,
			);
			path = Sidebar;
			sourceTree = "<group>";
		};
		5BACC64B28CFC220006975D3 /* Views */ = {
			isa = PBXGroup;
			children = (
				5BACC65728CFC6C5006975D3 /* Components */,
				5BACC64D28CFC23D006975D3 /* BusinessManagerSidebarView.swift */,
			);
			path = Views;
			sourceTree = "<group>";
		};
		5BACC64C28CFC225006975D3 /* View Models */ = {
			isa = PBXGroup;
			children = (
				5BACC64F28CFC25F006975D3 /* BusinessManagerSidebarViewModel.swift */,
			);
			path = "View Models";
			sourceTree = "<group>";
		};
		5BACC65128CFC27B006975D3 /* Models */ = {
			isa = PBXGroup;
			children = (
				5BACC65A28D16FE5006975D3 /* SidebarItem.swift */,
				5BACC66B28D26127006975D3 /* Journey.swift */,
				5BF73BC928DA3CDC00B74060 /* Business.swift */,
				5BF73BCB28DA3CE700B74060 /* User.swift */,
				5BF73BD128DA3D8C00B74060 /* Task.swift */,
				5BF73BD328DA3D9700B74060 /* TaskCategory.swift */,
				5BF73BD528DA3FDD00B74060 /* Event.swift */,
			);
			path = Models;
			sourceTree = "<group>";
		};
		5BACC65428CFC36B006975D3 /* Utils */ = {
			isa = PBXGroup;
			children = (
				5BACC65528CFC37E006975D3 /* CustomColors.swift */,
				5BF73BDD28DB9BB900B74060 /* TextFieldPlaceholder.swift */,
				5B2B46B128EDFFF100FC3BE9 /* CheckboxStyle.swift */,
				5B2B46B928EE18B000FC3BE9 /* CustomTextField.swift */,
				5B2B46BB28EF547700FC3BE9 /* CustomSecureView.swift */,
			);
			path = Utils;
			sourceTree = "<group>";
		};
		5BACC65728CFC6C5006975D3 /* Components */ = {
			isa = PBXGroup;
			children = (
				5BACC65828CFC6D3006975D3 /* SidebarItemView.swift */,
			);
			path = Components;
			sourceTree = "<group>";
		};
		5BACC65C28D2438E006975D3 /* Payments */ = {
			isa = PBXGroup;
			children = (
				5BACC65E28D2439F006975D3 /* View Models */,
				5BACC65D28D2439B006975D3 /* Views */,
			);
			path = Payments;
			sourceTree = "<group>";
		};
		5BACC65D28D2439B006975D3 /* Views */ = {
			isa = PBXGroup;
			children = (
				5BACC65F28D243AB006975D3 /* PaymentsView.swift */,
			);
			path = Views;
			sourceTree = "<group>";
		};
		5BACC65E28D2439F006975D3 /* View Models */ = {
			isa = PBXGroup;
			children = (
			);
			path = "View Models";
			sourceTree = "<group>";
		};
		5BACC66128D243D5006975D3 /* Team List */ = {
			isa = PBXGroup;
			children = (
				5BACC66328D24407006975D3 /* View Models */,
				5BACC66228D24403006975D3 /* Views */,
			);
			path = "Team List";
			sourceTree = "<group>";
		};
		5BACC66228D24403006975D3 /* Views */ = {
			isa = PBXGroup;
			children = (
				5BACC66428D24413006975D3 /* TeamListView.swift */,
				5B2B46A128E22B0900FC3BE9 /* NewUserFormsView.swift */,
				5B2B46A328E22C4300FC3BE9 /* ProgressBarView.swift */,
			);
			path = Views;
			sourceTree = "<group>";
		};
		5BACC66328D24407006975D3 /* View Models */ = {
			isa = PBXGroup;
			children = (
				5BF73BD728DB80F500B74060 /* TeamListViewModel.swift */,
			);
			path = "View Models";
			sourceTree = "<group>";
		};
		5BACC66628D260EF006975D3 /* Single Journey */ = {
			isa = PBXGroup;
			children = (
				5BACC66828D26101006975D3 /* View Models */,
				5BACC66728D260FC006975D3 /* Views */,
			);
			path = "Single Journey";
			sourceTree = "<group>";
		};
		5BACC66728D260FC006975D3 /* Views */ = {
			isa = PBXGroup;
			children = (
				5BACC66928D2610F006975D3 /* SingleJourneyView.swift */,
			);
			path = Views;
			sourceTree = "<group>";
		};
		5BACC66828D26101006975D3 /* View Models */ = {
			isa = PBXGroup;
			children = (
			);
			path = "View Models";
			sourceTree = "<group>";
		};
		5BACC66D28D26184006975D3 /* Components */ = {
			isa = PBXGroup;
			children = (
				5BACC66E28D26192006975D3 /* JourneyCard.swift */,
			);
			path = Components;
			sourceTree = "<group>";
		};
/* End PBXGroup section */

/* Begin PBXNativeTarget section */
		5BACC62528CFB855006975D3 /* Collie */ = {
			isa = PBXNativeTarget;
			buildConfigurationList = 5BACC63528CFB856006975D3 /* Build configuration list for PBXNativeTarget "Collie" */;
			buildPhases = (
				5BACC62228CFB855006975D3 /* Sources */,
				5BACC62328CFB855006975D3 /* Frameworks */,
				5BACC62428CFB855006975D3 /* Resources */,
			);
			buildRules = (
			);
			dependencies = (
			);
			name = Collie;
			productName = Collie;
			productReference = 5BACC62628CFB855006975D3 /* Collie.app */;
			productType = "com.apple.product-type.application";
		};
/* End PBXNativeTarget section */

/* Begin PBXProject section */
		5BACC61E28CFB855006975D3 /* Project object */ = {
			isa = PBXProject;
			attributes = {
				BuildIndependentTargetsInParallel = 1;
				LastSwiftUpdateCheck = 1340;
				LastUpgradeCheck = 1340;
				TargetAttributes = {
					5BACC62528CFB855006975D3 = {
						CreatedOnToolsVersion = 13.4.1;
					};
				};
			};
			buildConfigurationList = 5BACC62128CFB855006975D3 /* Build configuration list for PBXProject "Collie" */;
			compatibilityVersion = "Xcode 13.0";
			developmentRegion = en;
			hasScannedForEncodings = 0;
			knownRegions = (
				en,
				Base,
			);
			mainGroup = 5BACC61D28CFB855006975D3;
			productRefGroup = 5BACC62728CFB855006975D3 /* Products */;
			projectDirPath = "";
			projectRoot = "";
			targets = (
				5BACC62528CFB855006975D3 /* Collie */,
			);
		};
/* End PBXProject section */

/* Begin PBXResourcesBuildPhase section */
		5BACC62428CFB855006975D3 /* Resources */ = {
			isa = PBXResourcesBuildPhase;
			buildActionMask = 2147483647;
			files = (
				5BACC63128CFB856006975D3 /* Preview Assets.xcassets in Resources */,
				5BACC62E28CFB856006975D3 /* Assets.xcassets in Resources */,
			);
			runOnlyForDeploymentPostprocessing = 0;
		};
/* End PBXResourcesBuildPhase section */

/* Begin PBXSourcesBuildPhase section */
		5BACC62228CFB855006975D3 /* Sources */ = {
			isa = PBXSourcesBuildPhase;
			buildActionMask = 2147483647;
			files = (
				5B2B46B828EE168200FC3BE9 /* AuthenticationViewModel.swift in Sources */,
				5BACC66C28D26127006975D3 /* Journey.swift in Sources */,
				5B2B46A228E22B0900FC3BE9 /* NewUserFormsView.swift in Sources */,
				5BF73BD828DB80F500B74060 /* TeamListViewModel.swift in Sources */,
				5BACC67128D2634D006975D3 /* JourneyListViewModel.swift in Sources */,
				5BACC64E28CFC23D006975D3 /* BusinessManagerSidebarView.swift in Sources */,
				5BF73BCA28DA3CDC00B74060 /* Business.swift in Sources */,
				5BF73BCC28DA3CE700B74060 /* User.swift in Sources */,
				5B2B46AA28EB72DC00FC3BE9 /* AuthenticationService.swift in Sources */,
				5BACC65028CFC25F006975D3 /* BusinessManagerSidebarViewModel.swift in Sources */,
				5B2B46BA28EE18B000FC3BE9 /* CustomTextField.swift in Sources */,
				5BF73BD228DA3D8C00B74060 /* Task.swift in Sources */,
				5BF73BDC28DB960900B74060 /* CreateNewJourneyViewModel.swift in Sources */,
				5BACC62C28CFB855006975D3 /* DashboardView.swift in Sources */,
				5B0F665C28D26CFC0057BA32 /* Test_JourneyView.swift in Sources */,
				5B0F666328DA4A7A0057BA32 /* JourneyDTO.swift in Sources */,
				5B2B46B428EE05F000FC3BE9 /* SignupView.swift in Sources */,
				5BACC65328CFC2BE006975D3 /* JourneyListView.swift in Sources */,
				5B0F666728DCE44C0057BA32 /* DatabaseSubscriptionService.swift in Sources */,
				5BF73BD428DA3D9700B74060 /* TaskCategory.swift in Sources */,
				5BACC66A28D2610F006975D3 /* SingleJourneyView.swift in Sources */,
				5B0F665E28D26E9D0057BA32 /* Test_JourneyViewModel.swift in Sources */,
				5BACC65928CFC6D3006975D3 /* SidebarItemView.swift in Sources */,
				5B2B46A428E22C4300FC3BE9 /* ProgressBarView.swift in Sources */,
				5BACC65B28D16FE5006975D3 /* SidebarItem.swift in Sources */,
				5B2B46A828E6233200FC3BE9 /* APISubscriptionService.swift in Sources */,
				5B0F666128DA37750057BA32 /* JourneyModel.swift in Sources */,
				5BF73BDA28DB954E00B74060 /* CreateNewJourneyView.swift in Sources */,
				5BACC65628CFC37E006975D3 /* CustomColors.swift in Sources */,
				5BACC66528D24413006975D3 /* TeamListView.swift in Sources */,
				5BACC66028D243AB006975D3 /* PaymentsView.swift in Sources */,
				5BACC62A28CFB855006975D3 /* CollieApp.swift in Sources */,
				5B2B46B628EE159200FC3BE9 /* LoginView.swift in Sources */,
				5B2B46B028ECB42000FC3BE9 /* AuthenticationView.swift in Sources */,
				5BF73BD628DA3FDD00B74060 /* Event.swift in Sources */,
				5B2B46BC28EF547700FC3BE9 /* CustomSecureView.swift in Sources */,
				5BACC66F28D26192006975D3 /* JourneyCard.swift in Sources */,
				5B2B46B228EDFFF100FC3BE9 /* CheckboxStyle.swift in Sources */,
				5BF73BDE28DB9BB900B74060 /* TextFieldPlaceholder.swift in Sources */,
			);
			runOnlyForDeploymentPostprocessing = 0;
		};
/* End PBXSourcesBuildPhase section */

/* Begin XCBuildConfiguration section */
		5BACC63328CFB856006975D3 /* Debug */ = {
			isa = XCBuildConfiguration;
			buildSettings = {
				ALWAYS_SEARCH_USER_PATHS = NO;
				CLANG_ANALYZER_NONNULL = YES;
				CLANG_ANALYZER_NUMBER_OBJECT_CONVERSION = YES_AGGRESSIVE;
				CLANG_CXX_LANGUAGE_STANDARD = "gnu++17";
				CLANG_ENABLE_MODULES = YES;
				CLANG_ENABLE_OBJC_ARC = YES;
				CLANG_ENABLE_OBJC_WEAK = YES;
				CLANG_WARN_BLOCK_CAPTURE_AUTORELEASING = YES;
				CLANG_WARN_BOOL_CONVERSION = YES;
				CLANG_WARN_COMMA = YES;
				CLANG_WARN_CONSTANT_CONVERSION = YES;
				CLANG_WARN_DEPRECATED_OBJC_IMPLEMENTATIONS = YES;
				CLANG_WARN_DIRECT_OBJC_ISA_USAGE = YES_ERROR;
				CLANG_WARN_DOCUMENTATION_COMMENTS = YES;
				CLANG_WARN_EMPTY_BODY = YES;
				CLANG_WARN_ENUM_CONVERSION = YES;
				CLANG_WARN_INFINITE_RECURSION = YES;
				CLANG_WARN_INT_CONVERSION = YES;
				CLANG_WARN_NON_LITERAL_NULL_CONVERSION = YES;
				CLANG_WARN_OBJC_IMPLICIT_RETAIN_SELF = YES;
				CLANG_WARN_OBJC_LITERAL_CONVERSION = YES;
				CLANG_WARN_OBJC_ROOT_CLASS = YES_ERROR;
				CLANG_WARN_QUOTED_INCLUDE_IN_FRAMEWORK_HEADER = YES;
				CLANG_WARN_RANGE_LOOP_ANALYSIS = YES;
				CLANG_WARN_STRICT_PROTOTYPES = YES;
				CLANG_WARN_SUSPICIOUS_MOVE = YES;
				CLANG_WARN_UNGUARDED_AVAILABILITY = YES_AGGRESSIVE;
				CLANG_WARN_UNREACHABLE_CODE = YES;
				CLANG_WARN__DUPLICATE_METHOD_MATCH = YES;
				COPY_PHASE_STRIP = NO;
				DEBUG_INFORMATION_FORMAT = dwarf;
				ENABLE_STRICT_OBJC_MSGSEND = YES;
				ENABLE_TESTABILITY = YES;
				GCC_C_LANGUAGE_STANDARD = gnu11;
				GCC_DYNAMIC_NO_PIC = NO;
				GCC_NO_COMMON_BLOCKS = YES;
				GCC_OPTIMIZATION_LEVEL = 0;
				GCC_PREPROCESSOR_DEFINITIONS = (
					"DEBUG=1",
					"$(inherited)",
				);
				GCC_WARN_64_TO_32_BIT_CONVERSION = YES;
				GCC_WARN_ABOUT_RETURN_TYPE = YES_ERROR;
				GCC_WARN_UNDECLARED_SELECTOR = YES;
				GCC_WARN_UNINITIALIZED_AUTOS = YES_AGGRESSIVE;
				GCC_WARN_UNUSED_FUNCTION = YES;
				GCC_WARN_UNUSED_VARIABLE = YES;
				MACOSX_DEPLOYMENT_TARGET = 12.3;
				MTL_ENABLE_DEBUG_INFO = INCLUDE_SOURCE;
				MTL_FAST_MATH = YES;
				ONLY_ACTIVE_ARCH = YES;
				SDKROOT = macosx;
				SWIFT_ACTIVE_COMPILATION_CONDITIONS = DEBUG;
				SWIFT_OPTIMIZATION_LEVEL = "-Onone";
			};
			name = Debug;
		};
		5BACC63428CFB856006975D3 /* Release */ = {
			isa = XCBuildConfiguration;
			buildSettings = {
				ALWAYS_SEARCH_USER_PATHS = NO;
				CLANG_ANALYZER_NONNULL = YES;
				CLANG_ANALYZER_NUMBER_OBJECT_CONVERSION = YES_AGGRESSIVE;
				CLANG_CXX_LANGUAGE_STANDARD = "gnu++17";
				CLANG_ENABLE_MODULES = YES;
				CLANG_ENABLE_OBJC_ARC = YES;
				CLANG_ENABLE_OBJC_WEAK = YES;
				CLANG_WARN_BLOCK_CAPTURE_AUTORELEASING = YES;
				CLANG_WARN_BOOL_CONVERSION = YES;
				CLANG_WARN_COMMA = YES;
				CLANG_WARN_CONSTANT_CONVERSION = YES;
				CLANG_WARN_DEPRECATED_OBJC_IMPLEMENTATIONS = YES;
				CLANG_WARN_DIRECT_OBJC_ISA_USAGE = YES_ERROR;
				CLANG_WARN_DOCUMENTATION_COMMENTS = YES;
				CLANG_WARN_EMPTY_BODY = YES;
				CLANG_WARN_ENUM_CONVERSION = YES;
				CLANG_WARN_INFINITE_RECURSION = YES;
				CLANG_WARN_INT_CONVERSION = YES;
				CLANG_WARN_NON_LITERAL_NULL_CONVERSION = YES;
				CLANG_WARN_OBJC_IMPLICIT_RETAIN_SELF = YES;
				CLANG_WARN_OBJC_LITERAL_CONVERSION = YES;
				CLANG_WARN_OBJC_ROOT_CLASS = YES_ERROR;
				CLANG_WARN_QUOTED_INCLUDE_IN_FRAMEWORK_HEADER = YES;
				CLANG_WARN_RANGE_LOOP_ANALYSIS = YES;
				CLANG_WARN_STRICT_PROTOTYPES = YES;
				CLANG_WARN_SUSPICIOUS_MOVE = YES;
				CLANG_WARN_UNGUARDED_AVAILABILITY = YES_AGGRESSIVE;
				CLANG_WARN_UNREACHABLE_CODE = YES;
				CLANG_WARN__DUPLICATE_METHOD_MATCH = YES;
				COPY_PHASE_STRIP = NO;
				DEBUG_INFORMATION_FORMAT = "dwarf-with-dsym";
				ENABLE_NS_ASSERTIONS = NO;
				ENABLE_STRICT_OBJC_MSGSEND = YES;
				GCC_C_LANGUAGE_STANDARD = gnu11;
				GCC_NO_COMMON_BLOCKS = YES;
				GCC_WARN_64_TO_32_BIT_CONVERSION = YES;
				GCC_WARN_ABOUT_RETURN_TYPE = YES_ERROR;
				GCC_WARN_UNDECLARED_SELECTOR = YES;
				GCC_WARN_UNINITIALIZED_AUTOS = YES_AGGRESSIVE;
				GCC_WARN_UNUSED_FUNCTION = YES;
				GCC_WARN_UNUSED_VARIABLE = YES;
				MACOSX_DEPLOYMENT_TARGET = 12.3;
				MTL_ENABLE_DEBUG_INFO = NO;
				MTL_FAST_MATH = YES;
				SDKROOT = macosx;
				SWIFT_COMPILATION_MODE = wholemodule;
				SWIFT_OPTIMIZATION_LEVEL = "-O";
			};
			name = Release;
		};
		5BACC63628CFB856006975D3 /* Debug */ = {
			isa = XCBuildConfiguration;
			buildSettings = {
				ASSETCATALOG_COMPILER_APPICON_NAME = AppIcon;
				ASSETCATALOG_COMPILER_GLOBAL_ACCENT_COLOR_NAME = AccentColor;
				CODE_SIGN_ENTITLEMENTS = Collie/Collie.entitlements;
				CODE_SIGN_IDENTITY = "Apple Development";
				CODE_SIGN_STYLE = Automatic;
				COMBINE_HIDPI_IMAGES = YES;
				CURRENT_PROJECT_VERSION = 1;
				DEVELOPMENT_ASSET_PATHS = "\"Collie/Preview Content\"";
				DEVELOPMENT_TEAM = P9DY7C7A5F;
				ENABLE_PREVIEWS = YES;
				GENERATE_INFOPLIST_FILE = YES;
				INFOPLIST_KEY_NSHumanReadableCopyright = "";
				LD_RUNPATH_SEARCH_PATHS = (
					"$(inherited)",
					"@executable_path/../Frameworks",
				);
				MARKETING_VERSION = 1.0;
				PRODUCT_BUNDLE_IDENTIFIER = com.andrearns.Collie;
				PRODUCT_NAME = "$(TARGET_NAME)";
				SWIFT_EMIT_LOC_STRINGS = YES;
				SWIFT_VERSION = 5.0;
			};
			name = Debug;
		};
		5BACC63728CFB856006975D3 /* Release */ = {
			isa = XCBuildConfiguration;
			buildSettings = {
				ASSETCATALOG_COMPILER_APPICON_NAME = AppIcon;
				ASSETCATALOG_COMPILER_GLOBAL_ACCENT_COLOR_NAME = AccentColor;
				CODE_SIGN_ENTITLEMENTS = Collie/Collie.entitlements;
				CODE_SIGN_STYLE = Automatic;
				COMBINE_HIDPI_IMAGES = YES;
				CURRENT_PROJECT_VERSION = 1;
				DEVELOPMENT_ASSET_PATHS = "\"Collie/Preview Content\"";
				DEVELOPMENT_TEAM = P9DY7C7A5F;
				ENABLE_PREVIEWS = YES;
				GENERATE_INFOPLIST_FILE = YES;
				INFOPLIST_KEY_NSHumanReadableCopyright = "";
				LD_RUNPATH_SEARCH_PATHS = (
					"$(inherited)",
					"@executable_path/../Frameworks",
				);
				MARKETING_VERSION = 1.0;
				PRODUCT_BUNDLE_IDENTIFIER = com.andrearns.Collie;
				PRODUCT_NAME = "$(TARGET_NAME)";
				SWIFT_EMIT_LOC_STRINGS = YES;
				SWIFT_VERSION = 5.0;
			};
			name = Release;
		};
/* End XCBuildConfiguration section */

/* Begin XCConfigurationList section */
		5BACC62128CFB855006975D3 /* Build configuration list for PBXProject "Collie" */ = {
			isa = XCConfigurationList;
			buildConfigurations = (
				5BACC63328CFB856006975D3 /* Debug */,
				5BACC63428CFB856006975D3 /* Release */,
			);
			defaultConfigurationIsVisible = 0;
			defaultConfigurationName = Release;
		};
		5BACC63528CFB856006975D3 /* Build configuration list for PBXNativeTarget "Collie" */ = {
			isa = XCConfigurationList;
			buildConfigurations = (
				5BACC63628CFB856006975D3 /* Debug */,
				5BACC63728CFB856006975D3 /* Release */,
			);
			defaultConfigurationIsVisible = 0;
			defaultConfigurationName = Release;
		};
/* End XCConfigurationList section */
	};
	rootObject = 5BACC61E28CFB855006975D3 /* Project object */;
}
